PODS:
  - Apollo (1.5.0):
    - Apollo/Core (= 1.5.0)
  - Apollo/Core (1.5.0)
  - JGProgressHUD (2.2)
  - Kingfisher (7.8.1)
  - SnapKit (5.6.0)
  - SwiftLint (0.52.4)

DEPENDENCIES:
  - Apollo
  - JGProgressHUD
  - Kingfisher
  - SnapKit
  - SwiftLint

SPEC REPOS:
  trunk:
    - Apollo
    - JGProgressHUD
    - Kingfisher
    - SnapKit
    - SwiftLint

SPEC CHECKSUMS:
  Apollo: 1e0ce95366a1c408fd7d053456c9dc048a6d7334
  JGProgressHUD: d83d7a981b85d11205e19ff8ad5bb9c40571c847
  Kingfisher: 63f677311d36a3473f6b978584f8a3845d023dc5
  SnapKit: e01d52ebb8ddbc333eefe2132acf85c8227d9c25
  SwiftLint: 1cc5cd61ba9bacb2194e340aeb47a2a37fda00b3

PODFILE CHECKSUM: c774dc61422c608d56b9f04c84cb36afc3506569

COCOAPODS: 1.12.1
