// !$*UTF8*$!
{
	archiveVersion = 1;
	classes = {
	};
	objectVersion = 56;
	objects = {

/* Begin PBXBuildFile section */
		C7F524C7AFBED96AF65C050C /* Pods_Block_Canvas.framework in Frameworks */ = {isa = PBXBuildFile; fileRef = 3C3DC6D694CA5A48BE07CB0F /* Pods_Block_Canvas.framework */; };
		DB1DBD202AB1D45A00F74B64 /* AppDelegate.swift in Sources */ = {isa = PBXBuildFile; fileRef = DB1DBD1F2AB1D45A00F74B64 /* AppDelegate.swift */; };
		DB1DBD222AB1D45A00F74B64 /* SceneDelegate.swift in Sources */ = {isa = PBXBuildFile; fileRef = DB1DBD212AB1D45A00F74B64 /* SceneDelegate.swift */; };
		DB1DBD242AB1D45A00F74B64 /* DiscoverPageViewController.swift in Sources */ = {isa = PBXBuildFile; fileRef = DB1DBD232AB1D45A00F74B64 /* DiscoverPageViewController.swift */; };
		DB1DBD272AB1D45A00F74B64 /* Main.storyboard in Resources */ = {isa = PBXBuildFile; fileRef = DB1DBD252AB1D45A00F74B64 /* Main.storyboard */; };
		DB1DBD292AB1D45B00F74B64 /* Assets.xcassets in Resources */ = {isa = PBXBuildFile; fileRef = DB1DBD282AB1D45B00F74B64 /* Assets.xcassets */; };
		DB1DBD2C2AB1D45B00F74B64 /* LaunchScreen.storyboard in Resources */ = {isa = PBXBuildFile; fileRef = DB1DBD2A2AB1D45B00F74B64 /* LaunchScreen.storyboard */; };
		DB86552B2AB2D88C006905FB /* GetTrendingQuery.graphql.swift in Sources */ = {isa = PBXBuildFile; fileRef = DB8655202AB2D88C006905FB /* GetTrendingQuery.graphql.swift */; };
		DB86552C2AB2D88C006905FB /* JSONObject.swift in Sources */ = {isa = PBXBuildFile; fileRef = DB8655232AB2D88C006905FB /* JSONObject.swift */; };
		DB86552D2AB2D88C006905FB /* GenerativeToken.graphql.swift in Sources */ = {isa = PBXBuildFile; fileRef = DB8655252AB2D88C006905FB /* GenerativeToken.graphql.swift */; };
		DB86552E2AB2D88C006905FB /* User.graphql.swift in Sources */ = {isa = PBXBuildFile; fileRef = DB8655262AB2D88C006905FB /* User.graphql.swift */; };
		DB86552F2AB2D88C006905FB /* Query.graphql.swift in Sources */ = {isa = PBXBuildFile; fileRef = DB8655272AB2D88C006905FB /* Query.graphql.swift */; };
		DB8655302AB2D88C006905FB /* SchemaConfiguration.swift in Sources */ = {isa = PBXBuildFile; fileRef = DB8655282AB2D88C006905FB /* SchemaConfiguration.swift */; };
		DB8655312AB2D88C006905FB /* SchemaMetadata.graphql.swift in Sources */ = {isa = PBXBuildFile; fileRef = DB8655292AB2D88C006905FB /* SchemaMetadata.graphql.swift */; };
		DB8655322AB2D88C006905FB /* GetTrending.graphql.swift in Sources */ = {isa = PBXBuildFile; fileRef = DB86552A2AB2D88C006905FB /* GetTrending.graphql.swift */; };
		DBA478792AB2B29C0014E825 /* BCTabBarController.swift in Sources */ = {isa = PBXBuildFile; fileRef = DBA478762AB2B29C0014E825 /* BCTabBarController.swift */; };
		DBA4787A2AB2B29C0014E825 /* Discover.storyboard in Resources */ = {isa = PBXBuildFile; fileRef = DBA478772AB2B29C0014E825 /* Discover.storyboard */; };
		DBA4787B2AB2B29C0014E825 /* UIStoryboard+Extension.swift in Sources */ = {isa = PBXBuildFile; fileRef = DBA478782AB2B29C0014E825 /* UIStoryboard+Extension.swift */; };
		DBAA52F52AB2B7D000FE51FF /* schema.json in Resources */ = {isa = PBXBuildFile; fileRef = DBAA52F42AB2B7D000FE51FF /* schema.json */; };
/* End PBXBuildFile section */

/* Begin PBXFileReference section */
		247A90A7AF780A2101FA113A /* Pods-Block Canvas.debug.xcconfig */ = {isa = PBXFileReference; includeInIndex = 1; lastKnownFileType = text.xcconfig; name = "Pods-Block Canvas.debug.xcconfig"; path = "Target Support Files/Pods-Block Canvas/Pods-Block Canvas.debug.xcconfig"; sourceTree = "<group>"; };
		3C3DC6D694CA5A48BE07CB0F /* Pods_Block_Canvas.framework */ = {isa = PBXFileReference; explicitFileType = wrapper.framework; includeInIndex = 0; path = Pods_Block_Canvas.framework; sourceTree = BUILT_PRODUCTS_DIR; };
		8D8DDAB147395F8BDF7D4703 /* Pods-Block Canvas.release.xcconfig */ = {isa = PBXFileReference; includeInIndex = 1; lastKnownFileType = text.xcconfig; name = "Pods-Block Canvas.release.xcconfig"; path = "Target Support Files/Pods-Block Canvas/Pods-Block Canvas.release.xcconfig"; sourceTree = "<group>"; };
		DB1DBD1C2AB1D45A00F74B64 /* Block Canvas.app */ = {isa = PBXFileReference; explicitFileType = wrapper.application; includeInIndex = 0; path = "Block Canvas.app"; sourceTree = BUILT_PRODUCTS_DIR; };
		DB1DBD1F2AB1D45A00F74B64 /* AppDelegate.swift */ = {isa = PBXFileReference; lastKnownFileType = sourcecode.swift; path = AppDelegate.swift; sourceTree = "<group>"; };
		DB1DBD212AB1D45A00F74B64 /* SceneDelegate.swift */ = {isa = PBXFileReference; lastKnownFileType = sourcecode.swift; path = SceneDelegate.swift; sourceTree = "<group>"; };
		DB1DBD232AB1D45A00F74B64 /* DiscoverPageViewController.swift */ = {isa = PBXFileReference; lastKnownFileType = sourcecode.swift; path = DiscoverPageViewController.swift; sourceTree = "<group>"; };
		DB1DBD262AB1D45A00F74B64 /* Base */ = {isa = PBXFileReference; lastKnownFileType = file.storyboard; name = Base; path = Base.lproj/Main.storyboard; sourceTree = "<group>"; };
		DB1DBD282AB1D45B00F74B64 /* Assets.xcassets */ = {isa = PBXFileReference; lastKnownFileType = folder.assetcatalog; path = Assets.xcassets; sourceTree = "<group>"; };
		DB1DBD2B2AB1D45B00F74B64 /* Base */ = {isa = PBXFileReference; lastKnownFileType = file.storyboard; name = Base; path = Base.lproj/LaunchScreen.storyboard; sourceTree = "<group>"; };
		DB1DBD2D2AB1D45B00F74B64 /* Info.plist */ = {isa = PBXFileReference; lastKnownFileType = text.plist.xml; path = Info.plist; sourceTree = "<group>"; };
		DB8655202AB2D88C006905FB /* GetTrendingQuery.graphql.swift */ = {isa = PBXFileReference; fileEncoding = 4; lastKnownFileType = sourcecode.swift; path = GetTrendingQuery.graphql.swift; sourceTree = "<group>"; };
		DB8655232AB2D88C006905FB /* JSONObject.swift */ = {isa = PBXFileReference; fileEncoding = 4; lastKnownFileType = sourcecode.swift; path = JSONObject.swift; sourceTree = "<group>"; };
		DB8655252AB2D88C006905FB /* GenerativeToken.graphql.swift */ = {isa = PBXFileReference; fileEncoding = 4; lastKnownFileType = sourcecode.swift; path = GenerativeToken.graphql.swift; sourceTree = "<group>"; };
		DB8655262AB2D88C006905FB /* User.graphql.swift */ = {isa = PBXFileReference; fileEncoding = 4; lastKnownFileType = sourcecode.swift; path = User.graphql.swift; sourceTree = "<group>"; };
		DB8655272AB2D88C006905FB /* Query.graphql.swift */ = {isa = PBXFileReference; fileEncoding = 4; lastKnownFileType = sourcecode.swift; path = Query.graphql.swift; sourceTree = "<group>"; };
		DB8655282AB2D88C006905FB /* SchemaConfiguration.swift */ = {isa = PBXFileReference; fileEncoding = 4; lastKnownFileType = sourcecode.swift; path = SchemaConfiguration.swift; sourceTree = "<group>"; };
		DB8655292AB2D88C006905FB /* SchemaMetadata.graphql.swift */ = {isa = PBXFileReference; fileEncoding = 4; lastKnownFileType = sourcecode.swift; path = SchemaMetadata.graphql.swift; sourceTree = "<group>"; };
		DB86552A2AB2D88C006905FB /* GetTrending.graphql.swift */ = {isa = PBXFileReference; fileEncoding = 4; lastKnownFileType = sourcecode.swift; path = GetTrending.graphql.swift; sourceTree = "<group>"; };
		DBA478762AB2B29C0014E825 /* BCTabBarController.swift */ = {isa = PBXFileReference; fileEncoding = 4; lastKnownFileType = sourcecode.swift; path = BCTabBarController.swift; sourceTree = "<group>"; };
		DBA478772AB2B29C0014E825 /* Discover.storyboard */ = {isa = PBXFileReference; fileEncoding = 4; lastKnownFileType = file.storyboard; path = Discover.storyboard; sourceTree = "<group>"; };
		DBA478782AB2B29C0014E825 /* UIStoryboard+Extension.swift */ = {isa = PBXFileReference; fileEncoding = 4; lastKnownFileType = sourcecode.swift; path = "UIStoryboard+Extension.swift"; sourceTree = "<group>"; };
		DBAA52F42AB2B7D000FE51FF /* schema.json */ = {isa = PBXFileReference; fileEncoding = 4; lastKnownFileType = text.json; path = schema.json; sourceTree = "<group>"; };
/* End PBXFileReference section */

/* Begin PBXFrameworksBuildPhase section */
		DB1DBD192AB1D45A00F74B64 /* Frameworks */ = {
			isa = PBXFrameworksBuildPhase;
			buildActionMask = 2147483647;
			files = (
				C7F524C7AFBED96AF65C050C /* Pods_Block_Canvas.framework in Frameworks */,
			);
			runOnlyForDeploymentPostprocessing = 0;
		};
/* End PBXFrameworksBuildPhase section */

/* Begin PBXGroup section */
		3DFA27E93D793B7A7BF83901 /* Pods */ = {
			isa = PBXGroup;
			children = (
				247A90A7AF780A2101FA113A /* Pods-Block Canvas.debug.xcconfig */,
				8D8DDAB147395F8BDF7D4703 /* Pods-Block Canvas.release.xcconfig */,
			);
			path = Pods;
			sourceTree = "<group>";
		};
		7C8272E813E1BE556C8BD678 /* Frameworks */ = {
			isa = PBXGroup;
			children = (
				3C3DC6D694CA5A48BE07CB0F /* Pods_Block_Canvas.framework */,
			);
			name = Frameworks;
			sourceTree = "<group>";
		};
		DB1DBD132AB1D45A00F74B64 = {
			isa = PBXGroup;
			children = (
				DB1DBD1E2AB1D45A00F74B64 /* Block Canvas */,
				DB1DBD1D2AB1D45A00F74B64 /* Products */,
				3DFA27E93D793B7A7BF83901 /* Pods */,
				7C8272E813E1BE556C8BD678 /* Frameworks */,
			);
			sourceTree = "<group>";
		};
		DB1DBD1D2AB1D45A00F74B64 /* Products */ = {
			isa = PBXGroup;
			children = (
				DB1DBD1C2AB1D45A00F74B64 /* Block Canvas.app */,
			);
			name = Products;
			sourceTree = "<group>";
		};
		DB1DBD1E2AB1D45A00F74B64 /* Block Canvas */ = {
			isa = PBXGroup;
			children = (
				DB86551D2AB2D88C006905FB /* getTrending */,
				DB1DBD1F2AB1D45A00F74B64 /* AppDelegate.swift */,
				DB1DBD212AB1D45A00F74B64 /* SceneDelegate.swift */,
				DBA478762AB2B29C0014E825 /* BCTabBarController.swift */,
				DBA478772AB2B29C0014E825 /* Discover.storyboard */,
				DBA478782AB2B29C0014E825 /* UIStoryboard+Extension.swift */,
				DB1DBD232AB1D45A00F74B64 /* DiscoverPageViewController.swift */,
				DBAA52F42AB2B7D000FE51FF /* schema.json */,
				DB1DBD252AB1D45A00F74B64 /* Main.storyboard */,
				DB1DBD282AB1D45B00F74B64 /* Assets.xcassets */,
				DB1DBD2A2AB1D45B00F74B64 /* LaunchScreen.storyboard */,
				DB1DBD2D2AB1D45B00F74B64 /* Info.plist */,
			);
			path = "Block Canvas";
			sourceTree = "<group>";
		};
		DB86551D2AB2D88C006905FB /* getTrending */ = {
			isa = PBXGroup;
			children = (
				DB86551E2AB2D88C006905FB /* Operations */,
				DB8655212AB2D88C006905FB /* Schema */,
				DB86552A2AB2D88C006905FB /* GetTrending.graphql.swift */,
			);
			path = getTrending;
			sourceTree = SOURCE_ROOT;
		};
		DB86551E2AB2D88C006905FB /* Operations */ = {
			isa = PBXGroup;
			children = (
				DB86551F2AB2D88C006905FB /* Queries */,
			);
			path = Operations;
			sourceTree = "<group>";
		};
		DB86551F2AB2D88C006905FB /* Queries */ = {
			isa = PBXGroup;
			children = (
				DB8655202AB2D88C006905FB /* GetTrendingQuery.graphql.swift */,
			);
			path = Queries;
			sourceTree = "<group>";
		};
		DB8655212AB2D88C006905FB /* Schema */ = {
			isa = PBXGroup;
			children = (
				DB8655222AB2D88C006905FB /* CustomScalars */,
				DB8655242AB2D88C006905FB /* Objects */,
				DB8655282AB2D88C006905FB /* SchemaConfiguration.swift */,
				DB8655292AB2D88C006905FB /* SchemaMetadata.graphql.swift */,
			);
			path = Schema;
			sourceTree = "<group>";
		};
		DB8655222AB2D88C006905FB /* CustomScalars */ = {
			isa = PBXGroup;
			children = (
				DB8655232AB2D88C006905FB /* JSONObject.swift */,
			);
			path = CustomScalars;
			sourceTree = "<group>";
		};
		DB8655242AB2D88C006905FB /* Objects */ = {
			isa = PBXGroup;
			children = (
				DB8655252AB2D88C006905FB /* GenerativeToken.graphql.swift */,
				DB8655262AB2D88C006905FB /* User.graphql.swift */,
				DB8655272AB2D88C006905FB /* Query.graphql.swift */,
			);
			path = Objects;
			sourceTree = "<group>";
		};
/* End PBXGroup section */

/* Begin PBXNativeTarget section */
		DB1DBD1B2AB1D45A00F74B64 /* Block Canvas */ = {
			isa = PBXNativeTarget;
			buildConfigurationList = DB1DBD302AB1D45B00F74B64 /* Build configuration list for PBXNativeTarget "Block Canvas" */;
			buildPhases = (
				9196706CB5CD4989741EA6D9 /* [CP] Check Pods Manifest.lock */,
				DB1DBD182AB1D45A00F74B64 /* Sources */,
				DB1DBD192AB1D45A00F74B64 /* Frameworks */,
				DB1DBD1A2AB1D45A00F74B64 /* Resources */,
				DB2CFD202AB1E00300D99A15 /* SwiftLint */,
				345FC2B13D4A06E7826DC811 /* [CP] Embed Pods Frameworks */,
			);
			buildRules = (
			);
			dependencies = (
			);
			name = "Block Canvas";
			productName = "Block Canvas";
			productReference = DB1DBD1C2AB1D45A00F74B64 /* Block Canvas.app */;
			productType = "com.apple.product-type.application";
		};
/* End PBXNativeTarget section */

/* Begin PBXProject section */
		DB1DBD142AB1D45A00F74B64 /* Project object */ = {
			isa = PBXProject;
			attributes = {
				BuildIndependentTargetsInParallel = 1;
				LastSwiftUpdateCheck = 1430;
				LastUpgradeCheck = 1430;
				TargetAttributes = {
					DB1DBD1B2AB1D45A00F74B64 = {
						CreatedOnToolsVersion = 14.3.1;
					};
				};
			};
			buildConfigurationList = DB1DBD172AB1D45A00F74B64 /* Build configuration list for PBXProject "Block Canvas" */;
			compatibilityVersion = "Xcode 14.0";
			developmentRegion = en;
			hasScannedForEncodings = 0;
			knownRegions = (
				en,
				Base,
			);
			mainGroup = DB1DBD132AB1D45A00F74B64;
			productRefGroup = DB1DBD1D2AB1D45A00F74B64 /* Products */;
			projectDirPath = "";
			projectRoot = "";
			targets = (
				DB1DBD1B2AB1D45A00F74B64 /* Block Canvas */,
			);
		};
/* End PBXProject section */

/* Begin PBXResourcesBuildPhase section */
		DB1DBD1A2AB1D45A00F74B64 /* Resources */ = {
			isa = PBXResourcesBuildPhase;
			buildActionMask = 2147483647;
			files = (
				DB1DBD2C2AB1D45B00F74B64 /* LaunchScreen.storyboard in Resources */,
				DBAA52F52AB2B7D000FE51FF /* schema.json in Resources */,
				DBA4787A2AB2B29C0014E825 /* Discover.storyboard in Resources */,
				DB1DBD292AB1D45B00F74B64 /* Assets.xcassets in Resources */,
				DB1DBD272AB1D45A00F74B64 /* Main.storyboard in Resources */,
			);
			runOnlyForDeploymentPostprocessing = 0;
		};
/* End PBXResourcesBuildPhase section */

/* Begin PBXShellScriptBuildPhase section */
		345FC2B13D4A06E7826DC811 /* [CP] Embed Pods Frameworks */ = {
			isa = PBXShellScriptBuildPhase;
			buildActionMask = 2147483647;
			files = (
			);
			inputFileListPaths = (
				"${PODS_ROOT}/Target Support Files/Pods-Block Canvas/Pods-Block Canvas-frameworks-${CONFIGURATION}-input-files.xcfilelist",
			);
			name = "[CP] Embed Pods Frameworks";
			outputFileListPaths = (
				"${PODS_ROOT}/Target Support Files/Pods-Block Canvas/Pods-Block Canvas-frameworks-${CONFIGURATION}-output-files.xcfilelist",
			);
			runOnlyForDeploymentPostprocessing = 0;
			shellPath = /bin/sh;
			shellScript = "\"${PODS_ROOT}/Target Support Files/Pods-Block Canvas/Pods-Block Canvas-frameworks.sh\"\n";
			showEnvVarsInLog = 0;
		};
		9196706CB5CD4989741EA6D9 /* [CP] Check Pods Manifest.lock */ = {
			isa = PBXShellScriptBuildPhase;
			buildActionMask = 2147483647;
			files = (
			);
			inputFileListPaths = (
			);
			inputPaths = (
				"${PODS_PODFILE_DIR_PATH}/Podfile.lock",
				"${PODS_ROOT}/Manifest.lock",
			);
			name = "[CP] Check Pods Manifest.lock";
			outputFileListPaths = (
			);
			outputPaths = (
				"$(DERIVED_FILE_DIR)/Pods-Block Canvas-checkManifestLockResult.txt",
			);
			runOnlyForDeploymentPostprocessing = 0;
			shellPath = /bin/sh;
			shellScript = "diff \"${PODS_PODFILE_DIR_PATH}/Podfile.lock\" \"${PODS_ROOT}/Manifest.lock\" > /dev/null\nif [ $? != 0 ] ; then\n    # print error to STDERR\n    echo \"error: The sandbox is not in sync with the Podfile.lock. Run 'pod install' or update your CocoaPods installation.\" >&2\n    exit 1\nfi\n# This output is used by Xcode 'outputs' to avoid re-running this script phase.\necho \"SUCCESS\" > \"${SCRIPT_OUTPUT_FILE_0}\"\n";
			showEnvVarsInLog = 0;
		};
		DB2CFD202AB1E00300D99A15 /* SwiftLint */ = {
			isa = PBXShellScriptBuildPhase;
			alwaysOutOfDate = 1;
			buildActionMask = 2147483647;
			files = (
			);
			inputFileListPaths = (
			);
			inputPaths = (
			);
			name = SwiftLint;
			outputFileListPaths = (
			);
			outputPaths = (
			);
			runOnlyForDeploymentPostprocessing = 0;
			shellPath = /bin/sh;
			shellScript = "# Type a script or drag a script file from your workspace to insert its path.\n\"${PODS_ROOT}/SwiftLint/swiftlint\"\n";
		};
/* End PBXShellScriptBuildPhase section */

/* Begin PBXSourcesBuildPhase section */
		DB1DBD182AB1D45A00F74B64 /* Sources */ = {
			isa = PBXSourcesBuildPhase;
			buildActionMask = 2147483647;
			files = (
				DB86552D2AB2D88C006905FB /* GenerativeToken.graphql.swift in Sources */,
				DBA478792AB2B29C0014E825 /* BCTabBarController.swift in Sources */,
				DB86552B2AB2D88C006905FB /* GetTrendingQuery.graphql.swift in Sources */,
				DB1DBD242AB1D45A00F74B64 /* DiscoverPageViewController.swift in Sources */,
				DB1DBD202AB1D45A00F74B64 /* AppDelegate.swift in Sources */,
				DB1DBD222AB1D45A00F74B64 /* SceneDelegate.swift in Sources */,
				DBA4787B2AB2B29C0014E825 /* UIStoryboard+Extension.swift in Sources */,
				DB86552F2AB2D88C006905FB /* Query.graphql.swift in Sources */,
				DB86552C2AB2D88C006905FB /* JSONObject.swift in Sources */,
				DB86552E2AB2D88C006905FB /* User.graphql.swift in Sources */,
				DB8655312AB2D88C006905FB /* SchemaMetadata.graphql.swift in Sources */,
				DB8655302AB2D88C006905FB /* SchemaConfiguration.swift in Sources */,
				DB8655322AB2D88C006905FB /* GetTrending.graphql.swift in Sources */,
			);
			runOnlyForDeploymentPostprocessing = 0;
		};
/* End PBXSourcesBuildPhase section */

/* Begin PBXVariantGroup section */
		DB1DBD252AB1D45A00F74B64 /* Main.storyboard */ = {
			isa = PBXVariantGroup;
			children = (
				DB1DBD262AB1D45A00F74B64 /* Base */,
			);
			name = Main.storyboard;
			sourceTree = "<group>";
		};
		DB1DBD2A2AB1D45B00F74B64 /* LaunchScreen.storyboard */ = {
			isa = PBXVariantGroup;
			children = (
				DB1DBD2B2AB1D45B00F74B64 /* Base */,
			);
			name = LaunchScreen.storyboard;
			sourceTree = "<group>";
		};
/* End PBXVariantGroup section */

/* Begin XCBuildConfiguration section */
		DB1DBD2E2AB1D45B00F74B64 /* Debug */ = {
			isa = XCBuildConfiguration;
			buildSettings = {
				ALWAYS_SEARCH_USER_PATHS = NO;
				CLANG_ANALYZER_NONNULL = YES;
				CLANG_ANALYZER_NUMBER_OBJECT_CONVERSION = YES_AGGRESSIVE;
				CLANG_CXX_LANGUAGE_STANDARD = "gnu++20";
				CLANG_ENABLE_MODULES = YES;
				CLANG_ENABLE_OBJC_ARC = YES;
				CLANG_ENABLE_OBJC_WEAK = YES;
				CLANG_WARN_BLOCK_CAPTURE_AUTORELEASING = YES;
				CLANG_WARN_BOOL_CONVERSION = YES;
				CLANG_WARN_COMMA = YES;
				CLANG_WARN_CONSTANT_CONVERSION = YES;
				CLANG_WARN_DEPRECATED_OBJC_IMPLEMENTATIONS = YES;
				CLANG_WARN_DIRECT_OBJC_ISA_USAGE = YES_ERROR;
				CLANG_WARN_DOCUMENTATION_COMMENTS = YES;
				CLANG_WARN_EMPTY_BODY = YES;
				CLANG_WARN_ENUM_CONVERSION = YES;
				CLANG_WARN_INFINITE_RECURSION = YES;
				CLANG_WARN_INT_CONVERSION = YES;
				CLANG_WARN_NON_LITERAL_NULL_CONVERSION = YES;
				CLANG_WARN_OBJC_IMPLICIT_RETAIN_SELF = YES;
				CLANG_WARN_OBJC_LITERAL_CONVERSION = YES;
				CLANG_WARN_OBJC_ROOT_CLASS = YES_ERROR;
				CLANG_WARN_QUOTED_INCLUDE_IN_FRAMEWORK_HEADER = YES;
				CLANG_WARN_RANGE_LOOP_ANALYSIS = YES;
				CLANG_WARN_STRICT_PROTOTYPES = YES;
				CLANG_WARN_SUSPICIOUS_MOVE = YES;
				CLANG_WARN_UNGUARDED_AVAILABILITY = YES_AGGRESSIVE;
				CLANG_WARN_UNREACHABLE_CODE = YES;
				CLANG_WARN__DUPLICATE_METHOD_MATCH = YES;
				COPY_PHASE_STRIP = NO;
				DEBUG_INFORMATION_FORMAT = dwarf;
				ENABLE_STRICT_OBJC_MSGSEND = YES;
				ENABLE_TESTABILITY = YES;
				GCC_C_LANGUAGE_STANDARD = gnu11;
				GCC_DYNAMIC_NO_PIC = NO;
				GCC_NO_COMMON_BLOCKS = YES;
				GCC_OPTIMIZATION_LEVEL = 0;
				GCC_PREPROCESSOR_DEFINITIONS = (
					"DEBUG=1",
					"$(inherited)",
				);
				GCC_WARN_64_TO_32_BIT_CONVERSION = YES;
				GCC_WARN_ABOUT_RETURN_TYPE = YES_ERROR;
				GCC_WARN_UNDECLARED_SELECTOR = YES;
				GCC_WARN_UNINITIALIZED_AUTOS = YES_AGGRESSIVE;
				GCC_WARN_UNUSED_FUNCTION = YES;
				GCC_WARN_UNUSED_VARIABLE = YES;
				IPHONEOS_DEPLOYMENT_TARGET = 16.4;
				MTL_ENABLE_DEBUG_INFO = INCLUDE_SOURCE;
				MTL_FAST_MATH = YES;
				ONLY_ACTIVE_ARCH = YES;
				SDKROOT = iphoneos;
				SWIFT_ACTIVE_COMPILATION_CONDITIONS = DEBUG;
				SWIFT_OPTIMIZATION_LEVEL = "-Onone";
			};
			name = Debug;
		};
		DB1DBD2F2AB1D45B00F74B64 /* Release */ = {
			isa = XCBuildConfiguration;
			buildSettings = {
				ALWAYS_SEARCH_USER_PATHS = NO;
				CLANG_ANALYZER_NONNULL = YES;
				CLANG_ANALYZER_NUMBER_OBJECT_CONVERSION = YES_AGGRESSIVE;
				CLANG_CXX_LANGUAGE_STANDARD = "gnu++20";
				CLANG_ENABLE_MODULES = YES;
				CLANG_ENABLE_OBJC_ARC = YES;
				CLANG_ENABLE_OBJC_WEAK = YES;
				CLANG_WARN_BLOCK_CAPTURE_AUTORELEASING = YES;
				CLANG_WARN_BOOL_CONVERSION = YES;
				CLANG_WARN_COMMA = YES;
				CLANG_WARN_CONSTANT_CONVERSION = YES;
				CLANG_WARN_DEPRECATED_OBJC_IMPLEMENTATIONS = YES;
				CLANG_WARN_DIRECT_OBJC_ISA_USAGE = YES_ERROR;
				CLANG_WARN_DOCUMENTATION_COMMENTS = YES;
				CLANG_WARN_EMPTY_BODY = YES;
				CLANG_WARN_ENUM_CONVERSION = YES;
				CLANG_WARN_INFINITE_RECURSION = YES;
				CLANG_WARN_INT_CONVERSION = YES;
				CLANG_WARN_NON_LITERAL_NULL_CONVERSION = YES;
				CLANG_WARN_OBJC_IMPLICIT_RETAIN_SELF = YES;
				CLANG_WARN_OBJC_LITERAL_CONVERSION = YES;
				CLANG_WARN_OBJC_ROOT_CLASS = YES_ERROR;
				CLANG_WARN_QUOTED_INCLUDE_IN_FRAMEWORK_HEADER = YES;
				CLANG_WARN_RANGE_LOOP_ANALYSIS = YES;
				CLANG_WARN_STRICT_PROTOTYPES = YES;
				CLANG_WARN_SUSPICIOUS_MOVE = YES;
				CLANG_WARN_UNGUARDED_AVAILABILITY = YES_AGGRESSIVE;
				CLANG_WARN_UNREACHABLE_CODE = YES;
				CLANG_WARN__DUPLICATE_METHOD_MATCH = YES;
				COPY_PHASE_STRIP = NO;
				DEBUG_INFORMATION_FORMAT = "dwarf-with-dsym";
				ENABLE_NS_ASSERTIONS = NO;
				ENABLE_STRICT_OBJC_MSGSEND = YES;
				GCC_C_LANGUAGE_STANDARD = gnu11;
				GCC_NO_COMMON_BLOCKS = YES;
				GCC_WARN_64_TO_32_BIT_CONVERSION = YES;
				GCC_WARN_ABOUT_RETURN_TYPE = YES_ERROR;
				GCC_WARN_UNDECLARED_SELECTOR = YES;
				GCC_WARN_UNINITIALIZED_AUTOS = YES_AGGRESSIVE;
				GCC_WARN_UNUSED_FUNCTION = YES;
				GCC_WARN_UNUSED_VARIABLE = YES;
				IPHONEOS_DEPLOYMENT_TARGET = 16.4;
				MTL_ENABLE_DEBUG_INFO = NO;
				MTL_FAST_MATH = YES;
				SDKROOT = iphoneos;
				SWIFT_COMPILATION_MODE = wholemodule;
				SWIFT_OPTIMIZATION_LEVEL = "-O";
				VALIDATE_PRODUCT = YES;
			};
			name = Release;
		};
		DB1DBD312AB1D45B00F74B64 /* Debug */ = {
			isa = XCBuildConfiguration;
			baseConfigurationReference = 247A90A7AF780A2101FA113A /* Pods-Block Canvas.debug.xcconfig */;
			buildSettings = {
				ASSETCATALOG_COMPILER_APPICON_NAME = AppIcon;
				ASSETCATALOG_COMPILER_GLOBAL_ACCENT_COLOR_NAME = AccentColor;
				CODE_SIGN_STYLE = Automatic;
				CURRENT_PROJECT_VERSION = 1;
				DEVELOPMENT_TEAM = CML8K54JBW;
				GENERATE_INFOPLIST_FILE = YES;
				INFOPLIST_FILE = "Block Canvas/Info.plist";
				INFOPLIST_KEY_UIApplicationSupportsIndirectInputEvents = YES;
				INFOPLIST_KEY_UILaunchStoryboardName = LaunchScreen;
				INFOPLIST_KEY_UIMainStoryboardFile = Main;
				INFOPLIST_KEY_UISupportedInterfaceOrientations_iPad = "UIInterfaceOrientationPortrait UIInterfaceOrientationPortraitUpsideDown UIInterfaceOrientationLandscapeLeft UIInterfaceOrientationLandscapeRight";
				INFOPLIST_KEY_UISupportedInterfaceOrientations_iPhone = "UIInterfaceOrientationPortrait UIInterfaceOrientationLandscapeLeft UIInterfaceOrientationLandscapeRight";
				IPHONEOS_DEPLOYMENT_TARGET = 15.0;
				LD_RUNPATH_SEARCH_PATHS = (
					"$(inherited)",
					"@executable_path/Frameworks",
				);
				MARKETING_VERSION = 1.0;
				PRODUCT_BUNDLE_IDENTIFIER = "reneehsu.Block-Canvas";
				PRODUCT_NAME = "$(TARGET_NAME)";
				SWIFT_EMIT_LOC_STRINGS = YES;
				SWIFT_VERSION = 5.0;
				TARGETED_DEVICE_FAMILY = "1,2";
			};
			name = Debug;
		};
		DB1DBD322AB1D45B00F74B64 /* Release */ = {
			isa = XCBuildConfiguration;
			baseConfigurationReference = 8D8DDAB147395F8BDF7D4703 /* Pods-Block Canvas.release.xcconfig */;
			buildSettings = {
				ASSETCATALOG_COMPILER_APPICON_NAME = AppIcon;
				ASSETCATALOG_COMPILER_GLOBAL_ACCENT_COLOR_NAME = AccentColor;
				CODE_SIGN_STYLE = Automatic;
				CURRENT_PROJECT_VERSION = 1;
				DEVELOPMENT_TEAM = CML8K54JBW;
				GENERATE_INFOPLIST_FILE = YES;
				INFOPLIST_FILE = "Block Canvas/Info.plist";
				INFOPLIST_KEY_UIApplicationSupportsIndirectInputEvents = YES;
				INFOPLIST_KEY_UILaunchStoryboardName = LaunchScreen;
				INFOPLIST_KEY_UIMainStoryboardFile = Main;
				INFOPLIST_KEY_UISupportedInterfaceOrientations_iPad = "UIInterfaceOrientationPortrait UIInterfaceOrientationPortraitUpsideDown UIInterfaceOrientationLandscapeLeft UIInterfaceOrientationLandscapeRight";
				INFOPLIST_KEY_UISupportedInterfaceOrientations_iPhone = "UIInterfaceOrientationPortrait UIInterfaceOrientationLandscapeLeft UIInterfaceOrientationLandscapeRight";
				IPHONEOS_DEPLOYMENT_TARGET = 15.0;
				LD_RUNPATH_SEARCH_PATHS = (
					"$(inherited)",
					"@executable_path/Frameworks",
				);
				MARKETING_VERSION = 1.0;
				PRODUCT_BUNDLE_IDENTIFIER = "reneehsu.Block-Canvas";
				PRODUCT_NAME = "$(TARGET_NAME)";
				SWIFT_EMIT_LOC_STRINGS = YES;
				SWIFT_VERSION = 5.0;
				TARGETED_DEVICE_FAMILY = "1,2";
			};
			name = Release;
		};
/* End XCBuildConfiguration section */

/* Begin XCConfigurationList section */
		DB1DBD172AB1D45A00F74B64 /* Build configuration list for PBXProject "Block Canvas" */ = {
			isa = XCConfigurationList;
			buildConfigurations = (
				DB1DBD2E2AB1D45B00F74B64 /* Debug */,
				DB1DBD2F2AB1D45B00F74B64 /* Release */,
			);
			defaultConfigurationIsVisible = 0;
			defaultConfigurationName = Release;
		};
		DB1DBD302AB1D45B00F74B64 /* Build configuration list for PBXNativeTarget "Block Canvas" */ = {
			isa = XCConfigurationList;
			buildConfigurations = (
				DB1DBD312AB1D45B00F74B64 /* Debug */,
				DB1DBD322AB1D45B00F74B64 /* Release */,
			);
			defaultConfigurationIsVisible = 0;
			defaultConfigurationName = Release;
		};
/* End XCConfigurationList section */
	};
	rootObject = DB1DBD142AB1D45A00F74B64 /* Project object */;
}
