// !$*UTF8*$!
{
	archiveVersion = 1;
	classes = {
	};
	objectVersion = 56;
	objects = {

/* Begin PBXBuildFile section */
		C7F524C7AFBED96AF65C050C /* Pods_Block_Canvas.framework in Frameworks */ = {isa = PBXBuildFile; fileRef = 3C3DC6D694CA5A48BE07CB0F /* Pods_Block_Canvas.framework */; };
		DB00B65F2AC6C72100AE8164 /* tap.json in Resources */ = {isa = PBXBuildFile; fileRef = DB00B65E2AC6C72100AE8164 /* tap.json */; };
		DB00B6632AC7F78B00AE8164 /* pinch to zoom.json in Resources */ = {isa = PBXBuildFile; fileRef = DB00B6622AC7F78B00AE8164 /* pinch to zoom.json */; };
		DB08647E2ABC3D04004598D6 /* Settings.storyboard in Resources */ = {isa = PBXBuildFile; fileRef = DB08647D2ABC3D04004598D6 /* Settings.storyboard */; };
		DB0864822ABC4063004598D6 /* WatchlistPageViewController.swift in Sources */ = {isa = PBXBuildFile; fileRef = DB0864812ABC4063004598D6 /* WatchlistPageViewController.swift */; };
		DB0864842ABC435F004598D6 /* WatchlistCell.swift in Sources */ = {isa = PBXBuildFile; fileRef = DB0864832ABC435F004598D6 /* WatchlistCell.swift */; };
		DB0FA4C72ABEB9AF00272E7A /* JGProgressHUDWrapper.swift in Sources */ = {isa = PBXBuildFile; fileRef = DB0FA4C62ABEB9AF00272E7A /* JGProgressHUDWrapper.swift */; };
		DB1DBD202AB1D45A00F74B64 /* AppDelegate.swift in Sources */ = {isa = PBXBuildFile; fileRef = DB1DBD1F2AB1D45A00F74B64 /* AppDelegate.swift */; };
		DB1DBD222AB1D45A00F74B64 /* SceneDelegate.swift in Sources */ = {isa = PBXBuildFile; fileRef = DB1DBD212AB1D45A00F74B64 /* SceneDelegate.swift */; };
		DB1DBD242AB1D45A00F74B64 /* DiscoverPageViewController.swift in Sources */ = {isa = PBXBuildFile; fileRef = DB1DBD232AB1D45A00F74B64 /* DiscoverPageViewController.swift */; };
		DB1DBD272AB1D45A00F74B64 /* Main.storyboard in Resources */ = {isa = PBXBuildFile; fileRef = DB1DBD252AB1D45A00F74B64 /* Main.storyboard */; };
		DB1DBD292AB1D45B00F74B64 /* Assets.xcassets in Resources */ = {isa = PBXBuildFile; fileRef = DB1DBD282AB1D45B00F74B64 /* Assets.xcassets */; };
		DB1DBD2C2AB1D45B00F74B64 /* LaunchScreen.storyboard in Resources */ = {isa = PBXBuildFile; fileRef = DB1DBD2A2AB1D45B00F74B64 /* LaunchScreen.storyboard */; };
		DB4422792AC2712C0038E34C /* UIFont+Extension.swift in Sources */ = {isa = PBXBuildFile; fileRef = DB4422782AC2712C0038E34C /* UIFont+Extension.swift */; };
		DB4BFB2D2AB6A31C00187B1C /* PortfolioDisplayViewController.swift in Sources */ = {isa = PBXBuildFile; fileRef = DB4BFB2C2AB6A31C00187B1C /* PortfolioDisplayViewController.swift */; };
		DB4BFB2F2AB6AA1300187B1C /* PortfolioDisplayView.swift in Sources */ = {isa = PBXBuildFile; fileRef = DB4BFB2E2AB6AA1300187B1C /* PortfolioDisplayView.swift */; };
		DB5386A92AC2B4700077672B /* DetailMetadataCell.swift in Sources */ = {isa = PBXBuildFile; fileRef = DB5386A82AC2B4700077672B /* DetailMetadataCell.swift */; };
		DB5386AD2AC2C10F0077672B /* DetailImageCell.swift in Sources */ = {isa = PBXBuildFile; fileRef = DB5386AC2AC2C10F0077672B /* DetailImageCell.swift */; };
		DB6853D12AB2F38400895EB9 /* Discover.swift in Sources */ = {isa = PBXBuildFile; fileRef = DB6853D02AB2F38400895EB9 /* Discover.swift */; };
		DB69818F2AB4604600BE0036 /* Portfolio.storyboard in Resources */ = {isa = PBXBuildFile; fileRef = DB69818E2AB4604600BE0036 /* Portfolio.storyboard */; };
		DB6981912AB4608100BE0036 /* AddressInputPageViewController.swift in Sources */ = {isa = PBXBuildFile; fileRef = DB6981902AB4608100BE0036 /* AddressInputPageViewController.swift */; };
		DB6981932AB4648500BE0036 /* Portfolio.swift in Sources */ = {isa = PBXBuildFile; fileRef = DB6981922AB4648500BE0036 /* Portfolio.swift */; };
		DB8C90F12AB43DCF005D75DF /* DiscoverCollectionCell.swift in Sources */ = {isa = PBXBuildFile; fileRef = DB8C90F02AB43DCF005D75DF /* DiscoverCollectionCell.swift */; };
		DB98912F2AC0891700E41967 /* UIColor+Extension.swift in Sources */ = {isa = PBXBuildFile; fileRef = DB98912E2AC0891700E41967 /* UIColor+Extension.swift */; };
		DB9DFB872AB7614C006D6CE1 /* Wallet.swift in Sources */ = {isa = PBXBuildFile; fileRef = DB9DFB862AB7614C006D6CE1 /* Wallet.swift */; };
		DB9E028C2AB7408E00285E63 /* PortfolioListViewController.swift in Sources */ = {isa = PBXBuildFile; fileRef = DB9E028B2AB7408E00285E63 /* PortfolioListViewController.swift */; };
		DB9E028E2AB7499100285E63 /* WalletListCell.swift in Sources */ = {isa = PBXBuildFile; fileRef = DB9E028D2AB7499100285E63 /* WalletListCell.swift */; };
		DBA478792AB2B29C0014E825 /* BCTabBarController.swift in Sources */ = {isa = PBXBuildFile; fileRef = DBA478762AB2B29C0014E825 /* BCTabBarController.swift */; };
		DBA4787A2AB2B29C0014E825 /* Discover.storyboard in Resources */ = {isa = PBXBuildFile; fileRef = DBA478772AB2B29C0014E825 /* Discover.storyboard */; };
		DBA4787B2AB2B29C0014E825 /* UIStoryboard+Extension.swift in Sources */ = {isa = PBXBuildFile; fileRef = DBA478782AB2B29C0014E825 /* UIStoryboard+Extension.swift */; };
		DBA57DC32ABC2F4200C1CE30 /* WatchlistManager.xcdatamodeld in Sources */ = {isa = PBXBuildFile; fileRef = DBA57DC12ABC2F4200C1CE30 /* WatchlistManager.xcdatamodeld */; };
		DBA57DCE2ABC32AF00C1CE30 /* WatchlistItem+CoreDataClass.swift in Sources */ = {isa = PBXBuildFile; fileRef = DBA57DCC2ABC32AF00C1CE30 /* WatchlistItem+CoreDataClass.swift */; };
		DBA57DCF2ABC32AF00C1CE30 /* WatchlistItem+CoreDataProperties.swift in Sources */ = {isa = PBXBuildFile; fileRef = DBA57DCD2ABC32AF00C1CE30 /* WatchlistItem+CoreDataProperties.swift */; };
		DBA57DD22ABC33AB00C1CE30 /* WatchlistManager.swift in Sources */ = {isa = PBXBuildFile; fileRef = DBA57DD12ABC33AB00C1CE30 /* WatchlistManager.swift */; };
		DBB880322AB4B33600526E40 /* DetailPageViewController.swift in Sources */ = {isa = PBXBuildFile; fileRef = DBB880312AB4B33600526E40 /* DetailPageViewController.swift */; };
		DBB9BDBC2AB44E07002A5FBC /* KingfisherWrapper.swift in Sources */ = {isa = PBXBuildFile; fileRef = DBB9BDBB2AB44E07002A5FBC /* KingfisherWrapper.swift */; };
		DBC6E31A2AC036E200B40514 /* WaterFallFlowLayout.swift in Sources */ = {isa = PBXBuildFile; fileRef = DBC6E3192AC036E200B40514 /* WaterFallFlowLayout.swift */; };
		DBF329F22AC55DBB009DE67C /* DetailMetadataInfoCell.swift in Sources */ = {isa = PBXBuildFile; fileRef = DBF329F12AC55DBB009DE67C /* DetailMetadataInfoCell.swift */; };
		DBF45F472AB6E870002E5D31 /* ARDisplayViewController.swift in Sources */ = {isa = PBXBuildFile; fileRef = DBF45F462AB6E870002E5D31 /* ARDisplayViewController.swift */; };
		DBF5677F2AB85632007BFDA1 /* WidgetKit.framework in Frameworks */ = {isa = PBXBuildFile; fileRef = DBF5677E2AB85632007BFDA1 /* WidgetKit.framework */; };
		DBF567812AB85632007BFDA1 /* SwiftUI.framework in Frameworks */ = {isa = PBXBuildFile; fileRef = DBF567802AB85632007BFDA1 /* SwiftUI.framework */; };
		DBF567842AB85632007BFDA1 /* NFTWidgetBundle.swift in Sources */ = {isa = PBXBuildFile; fileRef = DBF567832AB85632007BFDA1 /* NFTWidgetBundle.swift */; };
		DBF567862AB85632007BFDA1 /* NFTWidget.swift in Sources */ = {isa = PBXBuildFile; fileRef = DBF567852AB85632007BFDA1 /* NFTWidget.swift */; };
		DBF567892AB85633007BFDA1 /* Assets.xcassets in Resources */ = {isa = PBXBuildFile; fileRef = DBF567882AB85633007BFDA1 /* Assets.xcassets */; };
		DBF5678B2AB85633007BFDA1 /* NFTWidget.intentdefinition in Sources */ = {isa = PBXBuildFile; fileRef = DBF567872AB85632007BFDA1 /* NFTWidget.intentdefinition */; };
		DBF5678C2AB85633007BFDA1 /* NFTWidget.intentdefinition in Sources */ = {isa = PBXBuildFile; fileRef = DBF567872AB85632007BFDA1 /* NFTWidget.intentdefinition */; };
		DBF5678F2AB85633007BFDA1 /* NFTWidgetExtension.appex in Embed Foundation Extensions */ = {isa = PBXBuildFile; fileRef = DBF5677D2AB85632007BFDA1 /* NFTWidgetExtension.appex */; settings = {ATTRIBUTES = (RemoveHeadersOnCopy, ); }; };
		DBF567962AB8AB92007BFDA1 /* NFTWidget.swift in Sources */ = {isa = PBXBuildFile; fileRef = DBF567852AB85632007BFDA1 /* NFTWidget.swift */; };
		DBF619DB2AB55F6E00687F13 /* CryptoPageViewController.swift in Sources */ = {isa = PBXBuildFile; fileRef = DBF619DA2AB55F6E00687F13 /* CryptoPageViewController.swift */; };
		DBF619DD2AB55F8600687F13 /* Crypto.storyboard in Resources */ = {isa = PBXBuildFile; fileRef = DBF619DC2AB55F8600687F13 /* Crypto.storyboard */; };
		DBF619DF2AB57EA200687F13 /* Crypto.swift in Sources */ = {isa = PBXBuildFile; fileRef = DBF619DE2AB57EA200687F13 /* Crypto.swift */; };
		DBF619E32AB59C8400687F13 /* EthPriceChartView.swift in Sources */ = {isa = PBXBuildFile; fileRef = DBF619E22AB59C8400687F13 /* EthPriceChartView.swift */; };
/* End PBXBuildFile section */

/* Begin PBXContainerItemProxy section */
		DBF5678D2AB85633007BFDA1 /* PBXContainerItemProxy */ = {
			isa = PBXContainerItemProxy;
			containerPortal = DB1DBD142AB1D45A00F74B64 /* Project object */;
			proxyType = 1;
			remoteGlobalIDString = DBF5677C2AB85632007BFDA1;
			remoteInfo = NFTWidgetExtension;
		};
/* End PBXContainerItemProxy section */

/* Begin PBXCopyFilesBuildPhase section */
		DBF567932AB85633007BFDA1 /* Embed Foundation Extensions */ = {
			isa = PBXCopyFilesBuildPhase;
			buildActionMask = 2147483647;
			dstPath = "";
			dstSubfolderSpec = 13;
			files = (
				DBF5678F2AB85633007BFDA1 /* NFTWidgetExtension.appex in Embed Foundation Extensions */,
			);
			name = "Embed Foundation Extensions";
			runOnlyForDeploymentPostprocessing = 0;
		};
/* End PBXCopyFilesBuildPhase section */

/* Begin PBXFileReference section */
		247A90A7AF780A2101FA113A /* Pods-Block Canvas.debug.xcconfig */ = {isa = PBXFileReference; includeInIndex = 1; lastKnownFileType = text.xcconfig; name = "Pods-Block Canvas.debug.xcconfig"; path = "Target Support Files/Pods-Block Canvas/Pods-Block Canvas.debug.xcconfig"; sourceTree = "<group>"; };
		3C3DC6D694CA5A48BE07CB0F /* Pods_Block_Canvas.framework */ = {isa = PBXFileReference; explicitFileType = wrapper.framework; includeInIndex = 0; path = Pods_Block_Canvas.framework; sourceTree = BUILT_PRODUCTS_DIR; };
		8D8DDAB147395F8BDF7D4703 /* Pods-Block Canvas.release.xcconfig */ = {isa = PBXFileReference; includeInIndex = 1; lastKnownFileType = text.xcconfig; name = "Pods-Block Canvas.release.xcconfig"; path = "Target Support Files/Pods-Block Canvas/Pods-Block Canvas.release.xcconfig"; sourceTree = "<group>"; };
		DB00B65E2AC6C72100AE8164 /* tap.json */ = {isa = PBXFileReference; fileEncoding = 4; lastKnownFileType = text.json; path = tap.json; sourceTree = "<group>"; };
		DB00B6622AC7F78B00AE8164 /* pinch to zoom.json */ = {isa = PBXFileReference; fileEncoding = 4; lastKnownFileType = text.json; path = "pinch to zoom.json"; sourceTree = "<group>"; };
		DB08647D2ABC3D04004598D6 /* Settings.storyboard */ = {isa = PBXFileReference; lastKnownFileType = file.storyboard; path = Settings.storyboard; sourceTree = "<group>"; };
		DB0864812ABC4063004598D6 /* WatchlistPageViewController.swift */ = {isa = PBXFileReference; lastKnownFileType = sourcecode.swift; path = WatchlistPageViewController.swift; sourceTree = "<group>"; };
		DB0864832ABC435F004598D6 /* WatchlistCell.swift */ = {isa = PBXFileReference; lastKnownFileType = sourcecode.swift; path = WatchlistCell.swift; sourceTree = "<group>"; };
		DB0FA4C62ABEB9AF00272E7A /* JGProgressHUDWrapper.swift */ = {isa = PBXFileReference; lastKnownFileType = sourcecode.swift; path = JGProgressHUDWrapper.swift; sourceTree = "<group>"; };
		DB1DBD1C2AB1D45A00F74B64 /* Block Canvas.app */ = {isa = PBXFileReference; explicitFileType = wrapper.application; includeInIndex = 0; path = "Block Canvas.app"; sourceTree = BUILT_PRODUCTS_DIR; };
		DB1DBD1F2AB1D45A00F74B64 /* AppDelegate.swift */ = {isa = PBXFileReference; lastKnownFileType = sourcecode.swift; path = AppDelegate.swift; sourceTree = "<group>"; };
		DB1DBD212AB1D45A00F74B64 /* SceneDelegate.swift */ = {isa = PBXFileReference; lastKnownFileType = sourcecode.swift; path = SceneDelegate.swift; sourceTree = "<group>"; };
		DB1DBD232AB1D45A00F74B64 /* DiscoverPageViewController.swift */ = {isa = PBXFileReference; lastKnownFileType = sourcecode.swift; path = DiscoverPageViewController.swift; sourceTree = "<group>"; };
		DB1DBD262AB1D45A00F74B64 /* Base */ = {isa = PBXFileReference; lastKnownFileType = file.storyboard; name = Base; path = Base.lproj/Main.storyboard; sourceTree = "<group>"; };
		DB1DBD282AB1D45B00F74B64 /* Assets.xcassets */ = {isa = PBXFileReference; lastKnownFileType = folder.assetcatalog; path = Assets.xcassets; sourceTree = "<group>"; };
		DB1DBD2B2AB1D45B00F74B64 /* Base */ = {isa = PBXFileReference; lastKnownFileType = file.storyboard; name = Base; path = Base.lproj/LaunchScreen.storyboard; sourceTree = "<group>"; };
		DB1DBD2D2AB1D45B00F74B64 /* Info.plist */ = {isa = PBXFileReference; lastKnownFileType = text.plist.xml; path = Info.plist; sourceTree = "<group>"; };
		DB4422782AC2712C0038E34C /* UIFont+Extension.swift */ = {isa = PBXFileReference; lastKnownFileType = sourcecode.swift; path = "UIFont+Extension.swift"; sourceTree = "<group>"; };
		DB4BFB2C2AB6A31C00187B1C /* PortfolioDisplayViewController.swift */ = {isa = PBXFileReference; lastKnownFileType = sourcecode.swift; path = PortfolioDisplayViewController.swift; sourceTree = "<group>"; };
		DB4BFB2E2AB6AA1300187B1C /* PortfolioDisplayView.swift */ = {isa = PBXFileReference; lastKnownFileType = sourcecode.swift; path = PortfolioDisplayView.swift; sourceTree = "<group>"; };
		DB5386A82AC2B4700077672B /* DetailMetadataCell.swift */ = {isa = PBXFileReference; lastKnownFileType = sourcecode.swift; path = DetailMetadataCell.swift; sourceTree = "<group>"; };
		DB5386AC2AC2C10F0077672B /* DetailImageCell.swift */ = {isa = PBXFileReference; lastKnownFileType = sourcecode.swift; path = DetailImageCell.swift; sourceTree = "<group>"; };
		DB6853CF2AB2ECA100895EB9 /* Secrets.xcconfig */ = {isa = PBXFileReference; lastKnownFileType = text.xcconfig; path = Secrets.xcconfig; sourceTree = "<group>"; };
		DB6853D02AB2F38400895EB9 /* Discover.swift */ = {isa = PBXFileReference; lastKnownFileType = sourcecode.swift; path = Discover.swift; sourceTree = "<group>"; };
		DB69818E2AB4604600BE0036 /* Portfolio.storyboard */ = {isa = PBXFileReference; lastKnownFileType = file.storyboard; path = Portfolio.storyboard; sourceTree = "<group>"; };
		DB6981902AB4608100BE0036 /* AddressInputPageViewController.swift */ = {isa = PBXFileReference; lastKnownFileType = sourcecode.swift; path = AddressInputPageViewController.swift; sourceTree = "<group>"; };
		DB6981922AB4648500BE0036 /* Portfolio.swift */ = {isa = PBXFileReference; lastKnownFileType = sourcecode.swift; path = Portfolio.swift; sourceTree = "<group>"; };
		DB8C90F02AB43DCF005D75DF /* DiscoverCollectionCell.swift */ = {isa = PBXFileReference; lastKnownFileType = sourcecode.swift; path = DiscoverCollectionCell.swift; sourceTree = "<group>"; };
		DB98912E2AC0891700E41967 /* UIColor+Extension.swift */ = {isa = PBXFileReference; lastKnownFileType = sourcecode.swift; path = "UIColor+Extension.swift"; sourceTree = "<group>"; };
		DB9DFB862AB7614C006D6CE1 /* Wallet.swift */ = {isa = PBXFileReference; lastKnownFileType = sourcecode.swift; path = Wallet.swift; sourceTree = "<group>"; };
		DB9E028B2AB7408E00285E63 /* PortfolioListViewController.swift */ = {isa = PBXFileReference; lastKnownFileType = sourcecode.swift; path = PortfolioListViewController.swift; sourceTree = "<group>"; };
		DB9E028D2AB7499100285E63 /* WalletListCell.swift */ = {isa = PBXFileReference; lastKnownFileType = sourcecode.swift; path = WalletListCell.swift; sourceTree = "<group>"; };
		DBA478762AB2B29C0014E825 /* BCTabBarController.swift */ = {isa = PBXFileReference; fileEncoding = 4; lastKnownFileType = sourcecode.swift; path = BCTabBarController.swift; sourceTree = "<group>"; };
		DBA478772AB2B29C0014E825 /* Discover.storyboard */ = {isa = PBXFileReference; fileEncoding = 4; lastKnownFileType = file.storyboard; path = Discover.storyboard; sourceTree = "<group>"; };
		DBA478782AB2B29C0014E825 /* UIStoryboard+Extension.swift */ = {isa = PBXFileReference; fileEncoding = 4; lastKnownFileType = sourcecode.swift; path = "UIStoryboard+Extension.swift"; sourceTree = "<group>"; };
		DBA57DC22ABC2F4200C1CE30 /* WatchlistManager.xcdatamodel */ = {isa = PBXFileReference; lastKnownFileType = wrapper.xcdatamodel; path = WatchlistManager.xcdatamodel; sourceTree = "<group>"; };
		DBA57DCC2ABC32AF00C1CE30 /* WatchlistItem+CoreDataClass.swift */ = {isa = PBXFileReference; lastKnownFileType = sourcecode.swift; path = "WatchlistItem+CoreDataClass.swift"; sourceTree = SOURCE_ROOT; };
		DBA57DCD2ABC32AF00C1CE30 /* WatchlistItem+CoreDataProperties.swift */ = {isa = PBXFileReference; lastKnownFileType = sourcecode.swift; path = "WatchlistItem+CoreDataProperties.swift"; sourceTree = SOURCE_ROOT; };
		DBA57DD12ABC33AB00C1CE30 /* WatchlistManager.swift */ = {isa = PBXFileReference; lastKnownFileType = sourcecode.swift; path = WatchlistManager.swift; sourceTree = "<group>"; };
		DBB880312AB4B33600526E40 /* DetailPageViewController.swift */ = {isa = PBXFileReference; lastKnownFileType = sourcecode.swift; path = DetailPageViewController.swift; sourceTree = "<group>"; };
		DBB9BDBB2AB44E07002A5FBC /* KingfisherWrapper.swift */ = {isa = PBXFileReference; lastKnownFileType = sourcecode.swift; path = KingfisherWrapper.swift; sourceTree = "<group>"; };
		DBC6E3192AC036E200B40514 /* WaterFallFlowLayout.swift */ = {isa = PBXFileReference; lastKnownFileType = sourcecode.swift; path = WaterFallFlowLayout.swift; sourceTree = "<group>"; };
		DBF329F12AC55DBB009DE67C /* DetailMetadataInfoCell.swift */ = {isa = PBXFileReference; lastKnownFileType = sourcecode.swift; path = DetailMetadataInfoCell.swift; sourceTree = "<group>"; };
		DBF45F462AB6E870002E5D31 /* ARDisplayViewController.swift */ = {isa = PBXFileReference; lastKnownFileType = sourcecode.swift; path = ARDisplayViewController.swift; sourceTree = "<group>"; };
		DBF5677D2AB85632007BFDA1 /* NFTWidgetExtension.appex */ = {isa = PBXFileReference; explicitFileType = "wrapper.app-extension"; includeInIndex = 0; path = NFTWidgetExtension.appex; sourceTree = BUILT_PRODUCTS_DIR; };
		DBF5677E2AB85632007BFDA1 /* WidgetKit.framework */ = {isa = PBXFileReference; lastKnownFileType = wrapper.framework; name = WidgetKit.framework; path = System/Library/Frameworks/WidgetKit.framework; sourceTree = SDKROOT; };
		DBF567802AB85632007BFDA1 /* SwiftUI.framework */ = {isa = PBXFileReference; lastKnownFileType = wrapper.framework; name = SwiftUI.framework; path = System/Library/Frameworks/SwiftUI.framework; sourceTree = SDKROOT; };
		DBF567832AB85632007BFDA1 /* NFTWidgetBundle.swift */ = {isa = PBXFileReference; lastKnownFileType = sourcecode.swift; path = NFTWidgetBundle.swift; sourceTree = "<group>"; };
		DBF567852AB85632007BFDA1 /* NFTWidget.swift */ = {isa = PBXFileReference; lastKnownFileType = sourcecode.swift; path = NFTWidget.swift; sourceTree = "<group>"; };
		DBF567872AB85632007BFDA1 /* NFTWidget.intentdefinition */ = {isa = PBXFileReference; lastKnownFileType = file.intentdefinition; path = NFTWidget.intentdefinition; sourceTree = "<group>"; };
		DBF567882AB85633007BFDA1 /* Assets.xcassets */ = {isa = PBXFileReference; lastKnownFileType = folder.assetcatalog; path = Assets.xcassets; sourceTree = "<group>"; };
		DBF5678A2AB85633007BFDA1 /* Info.plist */ = {isa = PBXFileReference; lastKnownFileType = text.plist.xml; path = Info.plist; sourceTree = "<group>"; };
		DBF567942AB86B55007BFDA1 /* Block Canvas.entitlements */ = {isa = PBXFileReference; lastKnownFileType = text.plist.entitlements; path = "Block Canvas.entitlements"; sourceTree = "<group>"; };
		DBF567952AB8844F007BFDA1 /* NFTWidgetExtension.entitlements */ = {isa = PBXFileReference; lastKnownFileType = text.plist.entitlements; path = NFTWidgetExtension.entitlements; sourceTree = "<group>"; };
		DBF619DA2AB55F6E00687F13 /* CryptoPageViewController.swift */ = {isa = PBXFileReference; lastKnownFileType = sourcecode.swift; path = CryptoPageViewController.swift; sourceTree = "<group>"; };
		DBF619DC2AB55F8600687F13 /* Crypto.storyboard */ = {isa = PBXFileReference; lastKnownFileType = file.storyboard; path = Crypto.storyboard; sourceTree = "<group>"; };
		DBF619DE2AB57EA200687F13 /* Crypto.swift */ = {isa = PBXFileReference; lastKnownFileType = sourcecode.swift; path = Crypto.swift; sourceTree = "<group>"; };
		DBF619E22AB59C8400687F13 /* EthPriceChartView.swift */ = {isa = PBXFileReference; fileEncoding = 4; lastKnownFileType = sourcecode.swift; path = EthPriceChartView.swift; sourceTree = "<group>"; };
/* End PBXFileReference section */

/* Begin PBXFrameworksBuildPhase section */
		DB1DBD192AB1D45A00F74B64 /* Frameworks */ = {
			isa = PBXFrameworksBuildPhase;
			buildActionMask = 2147483647;
			files = (
				C7F524C7AFBED96AF65C050C /* Pods_Block_Canvas.framework in Frameworks */,
			);
			runOnlyForDeploymentPostprocessing = 0;
		};
		DBF5677A2AB85632007BFDA1 /* Frameworks */ = {
			isa = PBXFrameworksBuildPhase;
			buildActionMask = 2147483647;
			files = (
				DBF567812AB85632007BFDA1 /* SwiftUI.framework in Frameworks */,
				DBF5677F2AB85632007BFDA1 /* WidgetKit.framework in Frameworks */,
			);
			runOnlyForDeploymentPostprocessing = 0;
		};
/* End PBXFrameworksBuildPhase section */

/* Begin PBXGroup section */
		3DFA27E93D793B7A7BF83901 /* Pods */ = {
			isa = PBXGroup;
			children = (
				247A90A7AF780A2101FA113A /* Pods-Block Canvas.debug.xcconfig */,
				8D8DDAB147395F8BDF7D4703 /* Pods-Block Canvas.release.xcconfig */,
			);
			path = Pods;
			sourceTree = "<group>";
		};
		7C8272E813E1BE556C8BD678 /* Frameworks */ = {
			isa = PBXGroup;
			children = (
				3C3DC6D694CA5A48BE07CB0F /* Pods_Block_Canvas.framework */,
				DBF5677E2AB85632007BFDA1 /* WidgetKit.framework */,
				DBF567802AB85632007BFDA1 /* SwiftUI.framework */,
			);
			name = Frameworks;
			sourceTree = "<group>";
		};
		DB0FA4C52ABEB97F00272E7A /* Third Party Wrappers */ = {
			isa = PBXGroup;
			children = (
				DBB9BDBB2AB44E07002A5FBC /* KingfisherWrapper.swift */,
				DB0FA4C62ABEB9AF00272E7A /* JGProgressHUDWrapper.swift */,
			);
			path = "Third Party Wrappers";
			sourceTree = "<group>";
		};
		DB1DBD132AB1D45A00F74B64 = {
			isa = PBXGroup;
			children = (
				DBF567952AB8844F007BFDA1 /* NFTWidgetExtension.entitlements */,
				DB1DBD1E2AB1D45A00F74B64 /* Block Canvas */,
				DBF567822AB85632007BFDA1 /* NFTWidget */,
				DB1DBD1D2AB1D45A00F74B64 /* Products */,
				3DFA27E93D793B7A7BF83901 /* Pods */,
				7C8272E813E1BE556C8BD678 /* Frameworks */,
			);
			sourceTree = "<group>";
		};
		DB1DBD1D2AB1D45A00F74B64 /* Products */ = {
			isa = PBXGroup;
			children = (
				DB1DBD1C2AB1D45A00F74B64 /* Block Canvas.app */,
				DBF5677D2AB85632007BFDA1 /* NFTWidgetExtension.appex */,
			);
			name = Products;
			sourceTree = "<group>";
		};
		DB1DBD1E2AB1D45A00F74B64 /* Block Canvas */ = {
			isa = PBXGroup;
			children = (
				DB0FA4C52ABEB97F00272E7A /* Third Party Wrappers */,
				DBA57DCC2ABC32AF00C1CE30 /* WatchlistItem+CoreDataClass.swift */,
				DBA57DCD2ABC32AF00C1CE30 /* WatchlistItem+CoreDataProperties.swift */,
				DBF567942AB86B55007BFDA1 /* Block Canvas.entitlements */,
				DB69818D2AB45FE000BE0036 /* ViewController */,
				DB69818C2AB45FC900BE0036 /* View */,
				DBA57DD02ABC338F00C1CE30 /* Manager */,
				DB6853D22AB3637A00895EB9 /* Model */,
				DB1DBD1F2AB1D45A00F74B64 /* AppDelegate.swift */,
				DB1DBD212AB1D45A00F74B64 /* SceneDelegate.swift */,
				DBA478762AB2B29C0014E825 /* BCTabBarController.swift */,
				DBA478782AB2B29C0014E825 /* UIStoryboard+Extension.swift */,
				DB98912E2AC0891700E41967 /* UIColor+Extension.swift */,
				DB1DBD282AB1D45B00F74B64 /* Assets.xcassets */,
				DB00B65E2AC6C72100AE8164 /* tap.json */,
				DB00B6622AC7F78B00AE8164 /* pinch to zoom.json */,
				DB1DBD2A2AB1D45B00F74B64 /* LaunchScreen.storyboard */,
				DB1DBD2D2AB1D45B00F74B64 /* Info.plist */,
				DB6853CF2AB2ECA100895EB9 /* Secrets.xcconfig */,
				DBA57DC12ABC2F4200C1CE30 /* WatchlistManager.xcdatamodeld */,
				DB4422782AC2712C0038E34C /* UIFont+Extension.swift */,
			);
			path = "Block Canvas";
			sourceTree = "<group>";
		};
		DB6853D22AB3637A00895EB9 /* Model */ = {
			isa = PBXGroup;
			children = (
				DB6853D02AB2F38400895EB9 /* Discover.swift */,
				DB6981922AB4648500BE0036 /* Portfolio.swift */,
				DB9DFB862AB7614C006D6CE1 /* Wallet.swift */,
				DBF619DE2AB57EA200687F13 /* Crypto.swift */,
			);
			path = Model;
			sourceTree = "<group>";
		};
		DB69818C2AB45FC900BE0036 /* View */ = {
			isa = PBXGroup;
			children = (
				DB1DBD252AB1D45A00F74B64 /* Main.storyboard */,
				DBA478772AB2B29C0014E825 /* Discover.storyboard */,
				DB69818E2AB4604600BE0036 /* Portfolio.storyboard */,
				DBF619DC2AB55F8600687F13 /* Crypto.storyboard */,
				DB08647D2ABC3D04004598D6 /* Settings.storyboard */,
				DB8C90F02AB43DCF005D75DF /* DiscoverCollectionCell.swift */,
				DBF619E22AB59C8400687F13 /* EthPriceChartView.swift */,
				DB4BFB2E2AB6AA1300187B1C /* PortfolioDisplayView.swift */,
				DB9E028D2AB7499100285E63 /* WalletListCell.swift */,
				DB0864832ABC435F004598D6 /* WatchlistCell.swift */,
				DBC6E3192AC036E200B40514 /* WaterFallFlowLayout.swift */,
				DB5386AC2AC2C10F0077672B /* DetailImageCell.swift */,
				DB5386A82AC2B4700077672B /* DetailMetadataCell.swift */,
				DBF329F12AC55DBB009DE67C /* DetailMetadataInfoCell.swift */,
			);
			path = View;
			sourceTree = "<group>";
		};
		DB69818D2AB45FE000BE0036 /* ViewController */ = {
			isa = PBXGroup;
			children = (
				DB1DBD232AB1D45A00F74B64 /* DiscoverPageViewController.swift */,
				DBB880312AB4B33600526E40 /* DetailPageViewController.swift */,
				DBF619DA2AB55F6E00687F13 /* CryptoPageViewController.swift */,
				DB6981902AB4608100BE0036 /* AddressInputPageViewController.swift */,
				DB9E028B2AB7408E00285E63 /* PortfolioListViewController.swift */,
				DB4BFB2C2AB6A31C00187B1C /* PortfolioDisplayViewController.swift */,
				DBF45F462AB6E870002E5D31 /* ARDisplayViewController.swift */,
				DB0864812ABC4063004598D6 /* WatchlistPageViewController.swift */,
			);
			path = ViewController;
			sourceTree = "<group>";
		};
		DBA57DD02ABC338F00C1CE30 /* Manager */ = {
			isa = PBXGroup;
			children = (
				DBA57DD12ABC33AB00C1CE30 /* WatchlistManager.swift */,
			);
			path = Manager;
			sourceTree = "<group>";
		};
		DBF567822AB85632007BFDA1 /* NFTWidget */ = {
			isa = PBXGroup;
			children = (
				DBF567832AB85632007BFDA1 /* NFTWidgetBundle.swift */,
				DBF567852AB85632007BFDA1 /* NFTWidget.swift */,
				DBF567872AB85632007BFDA1 /* NFTWidget.intentdefinition */,
				DBF567882AB85633007BFDA1 /* Assets.xcassets */,
				DBF5678A2AB85633007BFDA1 /* Info.plist */,
			);
			path = NFTWidget;
			sourceTree = "<group>";
		};
/* End PBXGroup section */

/* Begin PBXNativeTarget section */
		DB1DBD1B2AB1D45A00F74B64 /* Block Canvas */ = {
			isa = PBXNativeTarget;
			buildConfigurationList = DB1DBD302AB1D45B00F74B64 /* Build configuration list for PBXNativeTarget "Block Canvas" */;
			buildPhases = (
				9196706CB5CD4989741EA6D9 /* [CP] Check Pods Manifest.lock */,
				DB1DBD182AB1D45A00F74B64 /* Sources */,
				DB1DBD192AB1D45A00F74B64 /* Frameworks */,
				DB1DBD1A2AB1D45A00F74B64 /* Resources */,
				DB2CFD202AB1E00300D99A15 /* SwiftLint */,
				345FC2B13D4A06E7826DC811 /* [CP] Embed Pods Frameworks */,
				DBF567932AB85633007BFDA1 /* Embed Foundation Extensions */,
			);
			buildRules = (
			);
			dependencies = (
				DBF5678E2AB85633007BFDA1 /* PBXTargetDependency */,
			);
			name = "Block Canvas";
			productName = "Block Canvas";
			productReference = DB1DBD1C2AB1D45A00F74B64 /* Block Canvas.app */;
			productType = "com.apple.product-type.application";
		};
		DBF5677C2AB85632007BFDA1 /* NFTWidgetExtension */ = {
			isa = PBXNativeTarget;
			buildConfigurationList = DBF567902AB85633007BFDA1 /* Build configuration list for PBXNativeTarget "NFTWidgetExtension" */;
			buildPhases = (
				DBF567792AB85632007BFDA1 /* Sources */,
				DBF5677A2AB85632007BFDA1 /* Frameworks */,
				DBF5677B2AB85632007BFDA1 /* Resources */,
			);
			buildRules = (
			);
			dependencies = (
			);
			name = NFTWidgetExtension;
			productName = NFTWidgetExtension;
			productReference = DBF5677D2AB85632007BFDA1 /* NFTWidgetExtension.appex */;
			productType = "com.apple.product-type.app-extension";
		};
/* End PBXNativeTarget section */

/* Begin PBXProject section */
		DB1DBD142AB1D45A00F74B64 /* Project object */ = {
			isa = PBXProject;
			attributes = {
				BuildIndependentTargetsInParallel = 1;
				LastSwiftUpdateCheck = 1430;
				LastUpgradeCheck = 1430;
				TargetAttributes = {
					DB1DBD1B2AB1D45A00F74B64 = {
						CreatedOnToolsVersion = 14.3.1;
					};
					DBF5677C2AB85632007BFDA1 = {
						CreatedOnToolsVersion = 14.3.1;
					};
				};
			};
			buildConfigurationList = DB1DBD172AB1D45A00F74B64 /* Build configuration list for PBXProject "Block Canvas" */;
			compatibilityVersion = "Xcode 14.0";
			developmentRegion = en;
			hasScannedForEncodings = 0;
			knownRegions = (
				en,
				Base,
			);
			mainGroup = DB1DBD132AB1D45A00F74B64;
			productRefGroup = DB1DBD1D2AB1D45A00F74B64 /* Products */;
			projectDirPath = "";
			projectRoot = "";
			targets = (
				DB1DBD1B2AB1D45A00F74B64 /* Block Canvas */,
				DBF5677C2AB85632007BFDA1 /* NFTWidgetExtension */,
			);
		};
/* End PBXProject section */

/* Begin PBXResourcesBuildPhase section */
		DB1DBD1A2AB1D45A00F74B64 /* Resources */ = {
			isa = PBXResourcesBuildPhase;
			buildActionMask = 2147483647;
			files = (
				DB1DBD2C2AB1D45B00F74B64 /* LaunchScreen.storyboard in Resources */,
				DBA4787A2AB2B29C0014E825 /* Discover.storyboard in Resources */,
				DB69818F2AB4604600BE0036 /* Portfolio.storyboard in Resources */,
				DBF619DD2AB55F8600687F13 /* Crypto.storyboard in Resources */,
				DB1DBD292AB1D45B00F74B64 /* Assets.xcassets in Resources */,
				DB00B65F2AC6C72100AE8164 /* tap.json in Resources */,
				DB1DBD272AB1D45A00F74B64 /* Main.storyboard in Resources */,
				DB00B6632AC7F78B00AE8164 /* pinch to zoom.json in Resources */,
				DB08647E2ABC3D04004598D6 /* Settings.storyboard in Resources */,
			);
			runOnlyForDeploymentPostprocessing = 0;
		};
		DBF5677B2AB85632007BFDA1 /* Resources */ = {
			isa = PBXResourcesBuildPhase;
			buildActionMask = 2147483647;
			files = (
				DBF567892AB85633007BFDA1 /* Assets.xcassets in Resources */,
			);
			runOnlyForDeploymentPostprocessing = 0;
		};
/* End PBXResourcesBuildPhase section */

/* Begin PBXShellScriptBuildPhase section */
		345FC2B13D4A06E7826DC811 /* [CP] Embed Pods Frameworks */ = {
			isa = PBXShellScriptBuildPhase;
			buildActionMask = 2147483647;
			files = (
			);
			inputFileListPaths = (
				"${PODS_ROOT}/Target Support Files/Pods-Block Canvas/Pods-Block Canvas-frameworks-${CONFIGURATION}-input-files.xcfilelist",
			);
			name = "[CP] Embed Pods Frameworks";
			outputFileListPaths = (
				"${PODS_ROOT}/Target Support Files/Pods-Block Canvas/Pods-Block Canvas-frameworks-${CONFIGURATION}-output-files.xcfilelist",
			);
			runOnlyForDeploymentPostprocessing = 0;
			shellPath = /bin/sh;
			shellScript = "\"${PODS_ROOT}/Target Support Files/Pods-Block Canvas/Pods-Block Canvas-frameworks.sh\"\n";
			showEnvVarsInLog = 0;
		};
		9196706CB5CD4989741EA6D9 /* [CP] Check Pods Manifest.lock */ = {
			isa = PBXShellScriptBuildPhase;
			buildActionMask = 2147483647;
			files = (
			);
			inputFileListPaths = (
			);
			inputPaths = (
				"${PODS_PODFILE_DIR_PATH}/Podfile.lock",
				"${PODS_ROOT}/Manifest.lock",
			);
			name = "[CP] Check Pods Manifest.lock";
			outputFileListPaths = (
			);
			outputPaths = (
				"$(DERIVED_FILE_DIR)/Pods-Block Canvas-checkManifestLockResult.txt",
			);
			runOnlyForDeploymentPostprocessing = 0;
			shellPath = /bin/sh;
			shellScript = "diff \"${PODS_PODFILE_DIR_PATH}/Podfile.lock\" \"${PODS_ROOT}/Manifest.lock\" > /dev/null\nif [ $? != 0 ] ; then\n    # print error to STDERR\n    echo \"error: The sandbox is not in sync with the Podfile.lock. Run 'pod install' or update your CocoaPods installation.\" >&2\n    exit 1\nfi\n# This output is used by Xcode 'outputs' to avoid re-running this script phase.\necho \"SUCCESS\" > \"${SCRIPT_OUTPUT_FILE_0}\"\n";
			showEnvVarsInLog = 0;
		};
		DB2CFD202AB1E00300D99A15 /* SwiftLint */ = {
			isa = PBXShellScriptBuildPhase;
			alwaysOutOfDate = 1;
			buildActionMask = 2147483647;
			files = (
			);
			inputFileListPaths = (
			);
			inputPaths = (
			);
			name = SwiftLint;
			outputFileListPaths = (
			);
			outputPaths = (
			);
			runOnlyForDeploymentPostprocessing = 0;
			shellPath = /bin/sh;
			shellScript = "# Type a script or drag a script file from your workspace to insert its path.\n\"${PODS_ROOT}/SwiftLint/swiftlint\"\n";
		};
/* End PBXShellScriptBuildPhase section */

/* Begin PBXSourcesBuildPhase section */
		DB1DBD182AB1D45A00F74B64 /* Sources */ = {
			isa = PBXSourcesBuildPhase;
			buildActionMask = 2147483647;
			files = (
				DBC6E31A2AC036E200B40514 /* WaterFallFlowLayout.swift in Sources */,
				DBA57DC32ABC2F4200C1CE30 /* WatchlistManager.xcdatamodeld in Sources */,
				DBA478792AB2B29C0014E825 /* BCTabBarController.swift in Sources */,
				DB5386AD2AC2C10F0077672B /* DetailImageCell.swift in Sources */,
				DB9E028C2AB7408E00285E63 /* PortfolioListViewController.swift in Sources */,
				DB1DBD242AB1D45A00F74B64 /* DiscoverPageViewController.swift in Sources */,
				DBF5678C2AB85633007BFDA1 /* NFTWidget.intentdefinition in Sources */,
				DBA57DCF2ABC32AF00C1CE30 /* WatchlistItem+CoreDataProperties.swift in Sources */,
				DB1DBD202AB1D45A00F74B64 /* AppDelegate.swift in Sources */,
				DB98912F2AC0891700E41967 /* UIColor+Extension.swift in Sources */,
				DBA57DCE2ABC32AF00C1CE30 /* WatchlistItem+CoreDataClass.swift in Sources */,
				DB1DBD222AB1D45A00F74B64 /* SceneDelegate.swift in Sources */,
				DBF567962AB8AB92007BFDA1 /* NFTWidget.swift in Sources */,
				DB6853D12AB2F38400895EB9 /* Discover.swift in Sources */,
				DB9DFB872AB7614C006D6CE1 /* Wallet.swift in Sources */,
				DB4422792AC2712C0038E34C /* UIFont+Extension.swift in Sources */,
				DB4BFB2D2AB6A31C00187B1C /* PortfolioDisplayViewController.swift in Sources */,
				DBF619DB2AB55F6E00687F13 /* CryptoPageViewController.swift in Sources */,
				DB8C90F12AB43DCF005D75DF /* DiscoverCollectionCell.swift in Sources */,
				DBA4787B2AB2B29C0014E825 /* UIStoryboard+Extension.swift in Sources */,
				DBF619DF2AB57EA200687F13 /* Crypto.swift in Sources */,
				DBA57DD22ABC33AB00C1CE30 /* WatchlistManager.swift in Sources */,
				DB6981932AB4648500BE0036 /* Portfolio.swift in Sources */,
				DBF329F22AC55DBB009DE67C /* DetailMetadataInfoCell.swift in Sources */,
				DB4BFB2F2AB6AA1300187B1C /* PortfolioDisplayView.swift in Sources */,
				DB6981912AB4608100BE0036 /* AddressInputPageViewController.swift in Sources */,
				DB0864842ABC435F004598D6 /* WatchlistCell.swift in Sources */,
				DBB9BDBC2AB44E07002A5FBC /* KingfisherWrapper.swift in Sources */,
				DBB880322AB4B33600526E40 /* DetailPageViewController.swift in Sources */,
				DB0FA4C72ABEB9AF00272E7A /* JGProgressHUDWrapper.swift in Sources */,
				DBF45F472AB6E870002E5D31 /* ARDisplayViewController.swift in Sources */,
				DB9E028E2AB7499100285E63 /* WalletListCell.swift in Sources */,
				DB0864822ABC4063004598D6 /* WatchlistPageViewController.swift in Sources */,
				DBF619E32AB59C8400687F13 /* EthPriceChartView.swift in Sources */,
				DB5386A92AC2B4700077672B /* DetailMetadataCell.swift in Sources */,
			);
			runOnlyForDeploymentPostprocessing = 0;
		};
		DBF567792AB85632007BFDA1 /* Sources */ = {
			isa = PBXSourcesBuildPhase;
			buildActionMask = 2147483647;
			files = (
				DBF567862AB85632007BFDA1 /* NFTWidget.swift in Sources */,
				DBF567842AB85632007BFDA1 /* NFTWidgetBundle.swift in Sources */,
				DBF5678B2AB85633007BFDA1 /* NFTWidget.intentdefinition in Sources */,
			);
			runOnlyForDeploymentPostprocessing = 0;
		};
/* End PBXSourcesBuildPhase section */

/* Begin PBXTargetDependency section */
		DBF5678E2AB85633007BFDA1 /* PBXTargetDependency */ = {
			isa = PBXTargetDependency;
			target = DBF5677C2AB85632007BFDA1 /* NFTWidgetExtension */;
			targetProxy = DBF5678D2AB85633007BFDA1 /* PBXContainerItemProxy */;
		};
/* End PBXTargetDependency section */

/* Begin PBXVariantGroup section */
		DB1DBD252AB1D45A00F74B64 /* Main.storyboard */ = {
			isa = PBXVariantGroup;
			children = (
				DB1DBD262AB1D45A00F74B64 /* Base */,
			);
			name = Main.storyboard;
			sourceTree = "<group>";
		};
		DB1DBD2A2AB1D45B00F74B64 /* LaunchScreen.storyboard */ = {
			isa = PBXVariantGroup;
			children = (
				DB1DBD2B2AB1D45B00F74B64 /* Base */,
			);
			name = LaunchScreen.storyboard;
			sourceTree = "<group>";
		};
/* End PBXVariantGroup section */

/* Begin XCBuildConfiguration section */
		DB1DBD2E2AB1D45B00F74B64 /* Debug */ = {
			isa = XCBuildConfiguration;
			baseConfigurationReference = DB6853CF2AB2ECA100895EB9 /* Secrets.xcconfig */;
			buildSettings = {
				ALWAYS_SEARCH_USER_PATHS = NO;
				CLANG_ANALYZER_NONNULL = YES;
				CLANG_ANALYZER_NUMBER_OBJECT_CONVERSION = YES_AGGRESSIVE;
				CLANG_CXX_LANGUAGE_STANDARD = "gnu++20";
				CLANG_ENABLE_MODULES = YES;
				CLANG_ENABLE_OBJC_ARC = YES;
				CLANG_ENABLE_OBJC_WEAK = YES;
				CLANG_WARN_BLOCK_CAPTURE_AUTORELEASING = YES;
				CLANG_WARN_BOOL_CONVERSION = YES;
				CLANG_WARN_COMMA = YES;
				CLANG_WARN_CONSTANT_CONVERSION = YES;
				CLANG_WARN_DEPRECATED_OBJC_IMPLEMENTATIONS = YES;
				CLANG_WARN_DIRECT_OBJC_ISA_USAGE = YES_ERROR;
				CLANG_WARN_DOCUMENTATION_COMMENTS = YES;
				CLANG_WARN_EMPTY_BODY = YES;
				CLANG_WARN_ENUM_CONVERSION = YES;
				CLANG_WARN_INFINITE_RECURSION = YES;
				CLANG_WARN_INT_CONVERSION = YES;
				CLANG_WARN_NON_LITERAL_NULL_CONVERSION = YES;
				CLANG_WARN_OBJC_IMPLICIT_RETAIN_SELF = YES;
				CLANG_WARN_OBJC_LITERAL_CONVERSION = YES;
				CLANG_WARN_OBJC_ROOT_CLASS = YES_ERROR;
				CLANG_WARN_QUOTED_INCLUDE_IN_FRAMEWORK_HEADER = YES;
				CLANG_WARN_RANGE_LOOP_ANALYSIS = YES;
				CLANG_WARN_STRICT_PROTOTYPES = YES;
				CLANG_WARN_SUSPICIOUS_MOVE = YES;
				CLANG_WARN_UNGUARDED_AVAILABILITY = YES_AGGRESSIVE;
				CLANG_WARN_UNREACHABLE_CODE = YES;
				CLANG_WARN__DUPLICATE_METHOD_MATCH = YES;
				COPY_PHASE_STRIP = NO;
				DEBUG_INFORMATION_FORMAT = dwarf;
				ENABLE_STRICT_OBJC_MSGSEND = YES;
				ENABLE_TESTABILITY = YES;
				GCC_C_LANGUAGE_STANDARD = gnu11;
				GCC_DYNAMIC_NO_PIC = NO;
				GCC_NO_COMMON_BLOCKS = YES;
				GCC_OPTIMIZATION_LEVEL = 0;
				GCC_PREPROCESSOR_DEFINITIONS = (
					"DEBUG=1",
					"$(inherited)",
				);
				GCC_WARN_64_TO_32_BIT_CONVERSION = YES;
				GCC_WARN_ABOUT_RETURN_TYPE = YES_ERROR;
				GCC_WARN_UNDECLARED_SELECTOR = YES;
				GCC_WARN_UNINITIALIZED_AUTOS = YES_AGGRESSIVE;
				GCC_WARN_UNUSED_FUNCTION = YES;
				GCC_WARN_UNUSED_VARIABLE = YES;
				IPHONEOS_DEPLOYMENT_TARGET = 16.4;
				MTL_ENABLE_DEBUG_INFO = INCLUDE_SOURCE;
				MTL_FAST_MATH = YES;
				ONLY_ACTIVE_ARCH = YES;
				SDKROOT = iphoneos;
				SWIFT_ACTIVE_COMPILATION_CONDITIONS = DEBUG;
				SWIFT_OPTIMIZATION_LEVEL = "-Onone";
			};
			name = Debug;
		};
		DB1DBD2F2AB1D45B00F74B64 /* Release */ = {
			isa = XCBuildConfiguration;
			baseConfigurationReference = DB6853CF2AB2ECA100895EB9 /* Secrets.xcconfig */;
			buildSettings = {
				ALWAYS_SEARCH_USER_PATHS = NO;
				CLANG_ANALYZER_NONNULL = YES;
				CLANG_ANALYZER_NUMBER_OBJECT_CONVERSION = YES_AGGRESSIVE;
				CLANG_CXX_LANGUAGE_STANDARD = "gnu++20";
				CLANG_ENABLE_MODULES = YES;
				CLANG_ENABLE_OBJC_ARC = YES;
				CLANG_ENABLE_OBJC_WEAK = YES;
				CLANG_WARN_BLOCK_CAPTURE_AUTORELEASING = YES;
				CLANG_WARN_BOOL_CONVERSION = YES;
				CLANG_WARN_COMMA = YES;
				CLANG_WARN_CONSTANT_CONVERSION = YES;
				CLANG_WARN_DEPRECATED_OBJC_IMPLEMENTATIONS = YES;
				CLANG_WARN_DIRECT_OBJC_ISA_USAGE = YES_ERROR;
				CLANG_WARN_DOCUMENTATION_COMMENTS = YES;
				CLANG_WARN_EMPTY_BODY = YES;
				CLANG_WARN_ENUM_CONVERSION = YES;
				CLANG_WARN_INFINITE_RECURSION = YES;
				CLANG_WARN_INT_CONVERSION = YES;
				CLANG_WARN_NON_LITERAL_NULL_CONVERSION = YES;
				CLANG_WARN_OBJC_IMPLICIT_RETAIN_SELF = YES;
				CLANG_WARN_OBJC_LITERAL_CONVERSION = YES;
				CLANG_WARN_OBJC_ROOT_CLASS = YES_ERROR;
				CLANG_WARN_QUOTED_INCLUDE_IN_FRAMEWORK_HEADER = YES;
				CLANG_WARN_RANGE_LOOP_ANALYSIS = YES;
				CLANG_WARN_STRICT_PROTOTYPES = YES;
				CLANG_WARN_SUSPICIOUS_MOVE = YES;
				CLANG_WARN_UNGUARDED_AVAILABILITY = YES_AGGRESSIVE;
				CLANG_WARN_UNREACHABLE_CODE = YES;
				CLANG_WARN__DUPLICATE_METHOD_MATCH = YES;
				COPY_PHASE_STRIP = NO;
				DEBUG_INFORMATION_FORMAT = "dwarf-with-dsym";
				ENABLE_NS_ASSERTIONS = NO;
				ENABLE_STRICT_OBJC_MSGSEND = YES;
				GCC_C_LANGUAGE_STANDARD = gnu11;
				GCC_NO_COMMON_BLOCKS = YES;
				GCC_WARN_64_TO_32_BIT_CONVERSION = YES;
				GCC_WARN_ABOUT_RETURN_TYPE = YES_ERROR;
				GCC_WARN_UNDECLARED_SELECTOR = YES;
				GCC_WARN_UNINITIALIZED_AUTOS = YES_AGGRESSIVE;
				GCC_WARN_UNUSED_FUNCTION = YES;
				GCC_WARN_UNUSED_VARIABLE = YES;
				IPHONEOS_DEPLOYMENT_TARGET = 16.4;
				MTL_ENABLE_DEBUG_INFO = NO;
				MTL_FAST_MATH = YES;
				SDKROOT = iphoneos;
				SWIFT_COMPILATION_MODE = wholemodule;
				SWIFT_OPTIMIZATION_LEVEL = "-O";
				VALIDATE_PRODUCT = YES;
			};
			name = Release;
		};
		DB1DBD312AB1D45B00F74B64 /* Debug */ = {
			isa = XCBuildConfiguration;
			baseConfigurationReference = 247A90A7AF780A2101FA113A /* Pods-Block Canvas.debug.xcconfig */;
			buildSettings = {
				ALWAYS_EMBED_SWIFT_STANDARD_LIBRARIES = YES;
				ASSETCATALOG_COMPILER_APPICON_NAME = AppIcon;
				ASSETCATALOG_COMPILER_GLOBAL_ACCENT_COLOR_NAME = AccentColor;
				CODE_SIGN_ENTITLEMENTS = "Block Canvas/Block Canvas.entitlements";
				CODE_SIGN_STYLE = Automatic;
				CURRENT_PROJECT_VERSION = 1;
				DEVELOPMENT_TEAM = CML8K54JBW;
				GENERATE_INFOPLIST_FILE = YES;
				INFOPLIST_FILE = "Block Canvas/Info.plist";
				INFOPLIST_KEY_CFBundleDisplayName = "Block Canvas";
				INFOPLIST_KEY_LSApplicationCategoryType = "public.app-category.lifestyle";
				INFOPLIST_KEY_NSCameraUsageDescription = "We need access to your camera for augmented reality.";
				INFOPLIST_KEY_NSPhotoLibraryAddUsageDescription = "We need access to save photos.";
				INFOPLIST_KEY_UIApplicationSupportsIndirectInputEvents = YES;
				INFOPLIST_KEY_UILaunchStoryboardName = LaunchScreen;
				INFOPLIST_KEY_UIMainStoryboardFile = Main;
				INFOPLIST_KEY_UISupportedInterfaceOrientations = UIInterfaceOrientationPortrait;
				IPHONEOS_DEPLOYMENT_TARGET = 16.0;
				LD_RUNPATH_SEARCH_PATHS = (
					"$(inherited)",
					"@executable_path/Frameworks",
				);
				MARKETING_VERSION = 1.0;
				PRODUCT_BUNDLE_IDENTIFIER = "reneehsu.Block-Canvas";
				PRODUCT_NAME = "$(TARGET_NAME)";
				SUPPORTED_PLATFORMS = "iphoneos iphonesimulator";
				SUPPORTS_MACCATALYST = NO;
				SUPPORTS_MAC_DESIGNED_FOR_IPHONE_IPAD = NO;
				SWIFT_EMIT_LOC_STRINGS = YES;
				SWIFT_VERSION = 5.0;
				TARGETED_DEVICE_FAMILY = 1;
			};
			name = Debug;
		};
		DB1DBD322AB1D45B00F74B64 /* Release */ = {
			isa = XCBuildConfiguration;
			baseConfigurationReference = 8D8DDAB147395F8BDF7D4703 /* Pods-Block Canvas.release.xcconfig */;
			buildSettings = {
				ALWAYS_EMBED_SWIFT_STANDARD_LIBRARIES = YES;
				ASSETCATALOG_COMPILER_APPICON_NAME = AppIcon;
				ASSETCATALOG_COMPILER_GLOBAL_ACCENT_COLOR_NAME = AccentColor;
				CODE_SIGN_ENTITLEMENTS = "Block Canvas/Block Canvas.entitlements";
				CODE_SIGN_STYLE = Automatic;
				CURRENT_PROJECT_VERSION = 1;
				DEVELOPMENT_TEAM = CML8K54JBW;
				GENERATE_INFOPLIST_FILE = YES;
				INFOPLIST_FILE = "Block Canvas/Info.plist";
				INFOPLIST_KEY_CFBundleDisplayName = "Block Canvas";
				INFOPLIST_KEY_LSApplicationCategoryType = "public.app-category.lifestyle";
				INFOPLIST_KEY_NSCameraUsageDescription = "We need access to your camera for augmented reality.";
				INFOPLIST_KEY_NSPhotoLibraryAddUsageDescription = "We need access to save photos.";
				INFOPLIST_KEY_UIApplicationSupportsIndirectInputEvents = YES;
				INFOPLIST_KEY_UILaunchStoryboardName = LaunchScreen;
				INFOPLIST_KEY_UIMainStoryboardFile = Main;
				INFOPLIST_KEY_UISupportedInterfaceOrientations = UIInterfaceOrientationPortrait;
				IPHONEOS_DEPLOYMENT_TARGET = 16.0;
				LD_RUNPATH_SEARCH_PATHS = (
					"$(inherited)",
					"@executable_path/Frameworks",
				);
				MARKETING_VERSION = 1.0;
				PRODUCT_BUNDLE_IDENTIFIER = "reneehsu.Block-Canvas";
				PRODUCT_NAME = "$(TARGET_NAME)";
				SUPPORTED_PLATFORMS = "iphoneos iphonesimulator";
				SUPPORTS_MACCATALYST = NO;
				SUPPORTS_MAC_DESIGNED_FOR_IPHONE_IPAD = NO;
				SWIFT_EMIT_LOC_STRINGS = YES;
				SWIFT_VERSION = 5.0;
				TARGETED_DEVICE_FAMILY = 1;
			};
			name = Release;
		};
		DBF567912AB85633007BFDA1 /* Debug */ = {
			isa = XCBuildConfiguration;
			buildSettings = {
				ASSETCATALOG_COMPILER_GLOBAL_ACCENT_COLOR_NAME = AccentColor;
				ASSETCATALOG_COMPILER_WIDGET_BACKGROUND_COLOR_NAME = WidgetBackground;
				CODE_SIGN_ENTITLEMENTS = NFTWidgetExtension.entitlements;
				CODE_SIGN_STYLE = Automatic;
				CURRENT_PROJECT_VERSION = 1;
				DEVELOPMENT_TEAM = CML8K54JBW;
				GENERATE_INFOPLIST_FILE = YES;
				INFOPLIST_FILE = NFTWidget/Info.plist;
				INFOPLIST_KEY_CFBundleDisplayName = NFTWidget;
				INFOPLIST_KEY_NSHumanReadableCopyright = "";
				LD_RUNPATH_SEARCH_PATHS = (
					"$(inherited)",
					"@executable_path/Frameworks",
					"@executable_path/../../Frameworks",
				);
				MARKETING_VERSION = 1.0;
				PRODUCT_BUNDLE_IDENTIFIER = "reneehsu.Block-Canvas.NFTWidget";
				PRODUCT_NAME = "$(TARGET_NAME)";
				SKIP_INSTALL = YES;
				SWIFT_EMIT_LOC_STRINGS = YES;
				SWIFT_VERSION = 5.0;
				TARGETED_DEVICE_FAMILY = 1;
			};
			name = Debug;
		};
		DBF567922AB85633007BFDA1 /* Release */ = {
			isa = XCBuildConfiguration;
			buildSettings = {
				ASSETCATALOG_COMPILER_GLOBAL_ACCENT_COLOR_NAME = AccentColor;
				ASSETCATALOG_COMPILER_WIDGET_BACKGROUND_COLOR_NAME = WidgetBackground;
				CODE_SIGN_ENTITLEMENTS = NFTWidgetExtension.entitlements;
				CODE_SIGN_STYLE = Automatic;
				CURRENT_PROJECT_VERSION = 1;
				DEVELOPMENT_TEAM = CML8K54JBW;
				GENERATE_INFOPLIST_FILE = YES;
				INFOPLIST_FILE = NFTWidget/Info.plist;
				INFOPLIST_KEY_CFBundleDisplayName = NFTWidget;
				INFOPLIST_KEY_NSHumanReadableCopyright = "";
				LD_RUNPATH_SEARCH_PATHS = (
					"$(inherited)",
					"@executable_path/Frameworks",
					"@executable_path/../../Frameworks",
				);
				MARKETING_VERSION = 1.0;
				PRODUCT_BUNDLE_IDENTIFIER = "reneehsu.Block-Canvas.NFTWidget";
				PRODUCT_NAME = "$(TARGET_NAME)";
				SKIP_INSTALL = YES;
				SWIFT_EMIT_LOC_STRINGS = YES;
				SWIFT_VERSION = 5.0;
				TARGETED_DEVICE_FAMILY = 1;
			};
			name = Release;
		};
/* End XCBuildConfiguration section */

/* Begin XCConfigurationList section */
		DB1DBD172AB1D45A00F74B64 /* Build configuration list for PBXProject "Block Canvas" */ = {
			isa = XCConfigurationList;
			buildConfigurations = (
				DB1DBD2E2AB1D45B00F74B64 /* Debug */,
				DB1DBD2F2AB1D45B00F74B64 /* Release */,
			);
			defaultConfigurationIsVisible = 0;
			defaultConfigurationName = Release;
		};
		DB1DBD302AB1D45B00F74B64 /* Build configuration list for PBXNativeTarget "Block Canvas" */ = {
			isa = XCConfigurationList;
			buildConfigurations = (
				DB1DBD312AB1D45B00F74B64 /* Debug */,
				DB1DBD322AB1D45B00F74B64 /* Release */,
			);
			defaultConfigurationIsVisible = 0;
			defaultConfigurationName = Release;
		};
		DBF567902AB85633007BFDA1 /* Build configuration list for PBXNativeTarget "NFTWidgetExtension" */ = {
			isa = XCConfigurationList;
			buildConfigurations = (
				DBF567912AB85633007BFDA1 /* Debug */,
				DBF567922AB85633007BFDA1 /* Release */,
			);
			defaultConfigurationIsVisible = 0;
			defaultConfigurationName = Release;
		};
/* End XCConfigurationList section */

/* Begin XCVersionGroup section */
		DBA57DC12ABC2F4200C1CE30 /* WatchlistManager.xcdatamodeld */ = {
			isa = XCVersionGroup;
			children = (
				DBA57DC22ABC2F4200C1CE30 /* WatchlistManager.xcdatamodel */,
			);
			currentVersion = DBA57DC22ABC2F4200C1CE30 /* WatchlistManager.xcdatamodel */;
			path = WatchlistManager.xcdatamodeld;
			sourceTree = "<group>";
			versionGroupType = wrapper.xcdatamodel;
		};
/* End XCVersionGroup section */
	};
	rootObject = DB1DBD142AB1D45A00F74B64 /* Project object */;
}
